PODS:
  - SwiftCSV (0.5.6)
  - SwiftUIPager (1.11.1)

DEPENDENCIES:
  - SwiftCSV
  - SwiftUIPager

SPEC REPOS:
  trunk:
    - SwiftCSV
    - SwiftUIPager

SPEC CHECKSUMS:
  SwiftCSV: efb4a15dd7f2f1212b3d6986f97a3369ff6c5100
  SwiftUIPager: 3b21ec8b3bcbae8f07e13d911414d31043004d73

PODFILE CHECKSUM: c084110bba1de84da9399e2fdd242a4269c1885e

COCOAPODS: 1.9.3
