// !$*UTF8*$!
{
	archiveVersion = 1;
	classes = {
	};
	objectVersion = 51;
	objects = {

/* Begin PBXBuildFile section */
		2AAF0E14FE20276AA0AED992 /* Pods_BrainStressTests.framework in Frameworks */ = {isa = PBXBuildFile; fileRef = 5D22F788A8EA6AE1847B8E13 /* Pods_BrainStressTests.framework */; };
		31B4386EE88CD4391C40E706 /* Pods_BrainStress_BrainStressUITests.framework in Frameworks */ = {isa = PBXBuildFile; fileRef = E096370BBDEA694138C307E5 /* Pods_BrainStress_BrainStressUITests.framework */; };
		46076AAC25358D0400B5C5D2 /* Country_Capitals.csv in Resources */ = {isa = PBXBuildFile; fileRef = 46076AAB25358D0400B5C5D2 /* Country_Capitals.csv */; };
		46076AB72535949F00B5C5D2 /* Country.swift in Sources */ = {isa = PBXBuildFile; fileRef = 46076AB62535949F00B5C5D2 /* Country.swift */; };
		46076ABC253594BF00B5C5D2 /* CSVManager.swift in Sources */ = {isa = PBXBuildFile; fileRef = 46076ABB253594BF00B5C5D2 /* CSVManager.swift */; };
		46076AC62536DEBC00B5C5D2 /* GeneralQuestion.swift in Sources */ = {isa = PBXBuildFile; fileRef = 46076AC52536DEBC00B5C5D2 /* GeneralQuestion.swift */; };
		46076AD62536E2E900B5C5D2 /* Geography_1.csv in Resources */ = {isa = PBXBuildFile; fileRef = 46076AD52536E2E900B5C5D2 /* Geography_1.csv */; };
		460A7F03252C5D0C00BD260F /* UserDefaultsManager.swift in Sources */ = {isa = PBXBuildFile; fileRef = 460A7F02252C5D0C00BD260F /* UserDefaultsManager.swift */; };
		460A7F14252C5E9200BD260F /* Constants.swift in Sources */ = {isa = PBXBuildFile; fileRef = 460A7F13252C5E9200BD260F /* Constants.swift */; };
		46240C1C252E5EFD000F34E7 /* BrainStressFont.swift in Sources */ = {isa = PBXBuildFile; fileRef = 46240C1B252E5EFD000F34E7 /* BrainStressFont.swift */; };
		463E3F48254493BF002980A7 /* WarmupView.swift in Sources */ = {isa = PBXBuildFile; fileRef = 463E3F47254493BF002980A7 /* WarmupView.swift */; };
		463E3F5B25449CB3002980A7 /* Dedicated_QuizCardInteriorView.swift in Sources */ = {isa = PBXBuildFile; fileRef = 463E3F5A25449CB3002980A7 /* Dedicated_QuizCardInteriorView.swift */; };
		463E3F632544A4B7002980A7 /* GameView.swift in Sources */ = {isa = PBXBuildFile; fileRef = 463E3F622544A4B7002980A7 /* GameView.swift */; };
		463E3F712544AC51002980A7 /* GameTopQuizItemScroller.swift in Sources */ = {isa = PBXBuildFile; fileRef = 463E3F702544AC51002980A7 /* GameTopQuizItemScroller.swift */; };
		463E3F762545E2F7002980A7 /* Date.swift in Sources */ = {isa = PBXBuildFile; fileRef = 463E3F752545E2F7002980A7 /* Date.swift */; };
		463E3F7B2545F2E8002980A7 /* QuizAnswerButton.swift in Sources */ = {isa = PBXBuildFile; fileRef = 463E3F7A2545F2E8002980A7 /* QuizAnswerButton.swift */; };
		464A4F8E252BB8A600AD35FD /* AdaptsToSoftwareKeyboard.swift in Sources */ = {isa = PBXBuildFile; fileRef = 464A4F8D252BB8A600AD35FD /* AdaptsToSoftwareKeyboard.swift */; };
		465AF0A0252B75D300524ED9 /* BrainStressApp.swift in Sources */ = {isa = PBXBuildFile; fileRef = 465AF09F252B75D300524ED9 /* BrainStressApp.swift */; };
		465AF0A2252B75D300524ED9 /* ContentView.swift in Sources */ = {isa = PBXBuildFile; fileRef = 465AF0A1252B75D300524ED9 /* ContentView.swift */; };
		465AF0A4252B75D500524ED9 /* Assets.xcassets in Resources */ = {isa = PBXBuildFile; fileRef = 465AF0A3252B75D500524ED9 /* Assets.xcassets */; };
		465AF0A7252B75D500524ED9 /* Preview Assets.xcassets in Resources */ = {isa = PBXBuildFile; fileRef = 465AF0A6252B75D500524ED9 /* Preview Assets.xcassets */; };
		465AF0B2252B75D600524ED9 /* BrainStressTests.swift in Sources */ = {isa = PBXBuildFile; fileRef = 465AF0B1252B75D600524ED9 /* BrainStressTests.swift */; };
		465AF0BD252B75D600524ED9 /* BrainStressUITests.swift in Sources */ = {isa = PBXBuildFile; fileRef = 465AF0BC252B75D600524ED9 /* BrainStressUITests.swift */; };
		465AF0CF252B8D0A00524ED9 /* Color.swift in Sources */ = {isa = PBXBuildFile; fileRef = 465AF0CE252B8D0A00524ED9 /* Color.swift */; };
		46652C00253F280F00B6B3B0 /* FirstTimeView.swift in Sources */ = {isa = PBXBuildFile; fileRef = 46652BFF253F280F00B6B3B0 /* FirstTimeView.swift */; };
		46652C05253F295500B6B3B0 /* FirstTimeTwo.swift in Sources */ = {isa = PBXBuildFile; fileRef = 46652C04253F295500B6B3B0 /* FirstTimeTwo.swift */; };
		46652C0F253F308400B6B3B0 /* FirstTimeThree.swift in Sources */ = {isa = PBXBuildFile; fileRef = 46652C0E253F308400B6B3B0 /* FirstTimeThree.swift */; };
		467FCFBB252DB01100AF4A9B /* QuizItem.swift in Sources */ = {isa = PBXBuildFile; fileRef = 467FCFBA252DB01100AF4A9B /* QuizItem.swift */; };
		467FCFC3252DB12100AF4A9B /* Difficulty.swift in Sources */ = {isa = PBXBuildFile; fileRef = 467FCFC2252DB12100AF4A9B /* Difficulty.swift */; };
		467FCFC9252DB1E200AF4A9B /* Data.swift in Sources */ = {isa = PBXBuildFile; fileRef = 467FCFC8252DB1E200AF4A9B /* Data.swift */; };
		467FCFD1252DB33D00AF4A9B /* Operator.swift in Sources */ = {isa = PBXBuildFile; fileRef = 467FCFD0252DB33D00AF4A9B /* Operator.swift */; };
		467FCFD6252DB85000AF4A9B /* Double.swift in Sources */ = {isa = PBXBuildFile; fileRef = 467FCFD5252DB85000AF4A9B /* Double.swift */; };
		467FCFDB252DC27700AF4A9B /* GameViewModel.swift in Sources */ = {isa = PBXBuildFile; fileRef = 467FCFDA252DC27700AF4A9B /* GameViewModel.swift */; };
		4686DAEE252F6D590048B7C1 /* KeyboardObserving.swift in Sources */ = {isa = PBXBuildFile; fileRef = 4686DAED252F6D590048B7C1 /* KeyboardObserving.swift */; };
		4686DAF3252F6D6D0048B7C1 /* View.swift in Sources */ = {isa = PBXBuildFile; fileRef = 4686DAF2252F6D6D0048B7C1 /* View.swift */; };
		4686DB07253433D00048B7C1 /* AppModel.swift in Sources */ = {isa = PBXBuildFile; fileRef = 4686DB06253433D00048B7C1 /* AppModel.swift */; };
		469572D82546075D005A2A3E /* GameEndView.swift in Sources */ = {isa = PBXBuildFile; fileRef = 469572D72546075D005A2A3E /* GameEndView.swift */; };
		469572DD254609C4005A2A3E /* CardQuizVerdict.swift in Sources */ = {isa = PBXBuildFile; fileRef = 469572DC254609C4005A2A3E /* CardQuizVerdict.swift */; };
		469572EB2546B5AF005A2A3E /* Company.swift in Sources */ = {isa = PBXBuildFile; fileRef = 469572EA2546B5AF005A2A3E /* Company.swift */; };
		469572F02546B6F8005A2A3E /* CSVParsable.swift in Sources */ = {isa = PBXBuildFile; fileRef = 469572EF2546B6F8005A2A3E /* CSVParsable.swift */; };
		469572F52547FEF2005A2A3E /* Quizable.swift in Sources */ = {isa = PBXBuildFile; fileRef = 469572F42547FEF2005A2A3E /* Quizable.swift */; };
		469572FA2547FFD2005A2A3E /* Mottos_1.csv in Resources */ = {isa = PBXBuildFile; fileRef = 469572F92547FFD2005A2A3E /* Mottos_1.csv */; };
		46970FD0253ED2F400AAC15F /* FirstTimeOne.swift in Sources */ = {isa = PBXBuildFile; fileRef = 46970FCF253ED2F400AAC15F /* FirstTimeOne.swift */; };
		46988FF3252C7559006EF37B /* QuizCategory.swift in Sources */ = {isa = PBXBuildFile; fileRef = 46988FF2252C7559006EF37B /* QuizCategory.swift */; };
		46989005252C7D85006EF37B /* UIColor.swift in Sources */ = {isa = PBXBuildFile; fileRef = 46989004252C7D85006EF37B /* UIColor.swift */; };
		46F5991725404ACB00C0BDBA /* Button1.swift in Sources */ = {isa = PBXBuildFile; fileRef = 46F5991625404ACB00C0BDBA /* Button1.swift */; };
		46F5991D25405CCD00C0BDBA /* HomeView.swift in Sources */ = {isa = PBXBuildFile; fileRef = 46F5991C25405CCD00C0BDBA /* HomeView.swift */; };
		46F5992825406D2800C0BDBA /* CardView.swift in Sources */ = {isa = PBXBuildFile; fileRef = 46F5992725406D2800C0BDBA /* CardView.swift */; };
		46F5992E2540708100C0BDBA /* CardPresentable.swift in Sources */ = {isa = PBXBuildFile; fileRef = 46F5992D2540708100C0BDBA /* CardPresentable.swift */; };
		46F5995A2540744500C0BDBA /* Array.swift in Sources */ = {isa = PBXBuildFile; fileRef = 46F599592540744500C0BDBA /* Array.swift */; };
		46F5995F2540C06A00C0BDBA /* CardQuizLeft.swift in Sources */ = {isa = PBXBuildFile; fileRef = 46F5995E2540C06A00C0BDBA /* CardQuizLeft.swift */; };
		46F599642541538B00C0BDBA /* CardWithSidebarView.swift in Sources */ = {isa = PBXBuildFile; fileRef = 46F599632541538B00C0BDBA /* CardWithSidebarView.swift */; };
		93032DFB78D07D2EFC407670 /* Pods_BrainStress.framework in Frameworks */ = {isa = PBXBuildFile; fileRef = CB2742EA28EE527A66462709 /* Pods_BrainStress.framework */; };
/* End PBXBuildFile section */

/* Begin PBXContainerItemProxy section */
		465AF0AE252B75D600524ED9 /* PBXContainerItemProxy */ = {
			isa = PBXContainerItemProxy;
			containerPortal = 465AF094252B75D300524ED9 /* Project object */;
			proxyType = 1;
			remoteGlobalIDString = 465AF09B252B75D300524ED9;
			remoteInfo = BrainStress;
		};
		465AF0B9252B75D600524ED9 /* PBXContainerItemProxy */ = {
			isa = PBXContainerItemProxy;
			containerPortal = 465AF094252B75D300524ED9 /* Project object */;
			proxyType = 1;
			remoteGlobalIDString = 465AF09B252B75D300524ED9;
			remoteInfo = BrainStress;
		};
/* End PBXContainerItemProxy section */

/* Begin PBXFileReference section */
		0D840A695BD3B7E1BAF296F7 /* Pods-BrainStress.debug.xcconfig */ = {isa = PBXFileReference; includeInIndex = 1; lastKnownFileType = text.xcconfig; name = "Pods-BrainStress.debug.xcconfig"; path = "Target Support Files/Pods-BrainStress/Pods-BrainStress.debug.xcconfig"; sourceTree = "<group>"; };
		380AC4173F7C9B229A464F85 /* Pods-BrainStressTests.debug.xcconfig */ = {isa = PBXFileReference; includeInIndex = 1; lastKnownFileType = text.xcconfig; name = "Pods-BrainStressTests.debug.xcconfig"; path = "Target Support Files/Pods-BrainStressTests/Pods-BrainStressTests.debug.xcconfig"; sourceTree = "<group>"; };
		46076AAB25358D0400B5C5D2 /* Country_Capitals.csv */ = {isa = PBXFileReference; fileEncoding = 4; lastKnownFileType = text; path = Country_Capitals.csv; sourceTree = "<group>"; };
		46076AB62535949F00B5C5D2 /* Country.swift */ = {isa = PBXFileReference; lastKnownFileType = sourcecode.swift; path = Country.swift; sourceTree = "<group>"; };
		46076ABB253594BF00B5C5D2 /* CSVManager.swift */ = {isa = PBXFileReference; lastKnownFileType = sourcecode.swift; path = CSVManager.swift; sourceTree = "<group>"; };
		46076AC52536DEBC00B5C5D2 /* GeneralQuestion.swift */ = {isa = PBXFileReference; lastKnownFileType = sourcecode.swift; path = GeneralQuestion.swift; sourceTree = "<group>"; };
		46076AD52536E2E900B5C5D2 /* Geography_1.csv */ = {isa = PBXFileReference; fileEncoding = 4; lastKnownFileType = text; path = Geography_1.csv; sourceTree = "<group>"; };
		460A7F02252C5D0C00BD260F /* UserDefaultsManager.swift */ = {isa = PBXFileReference; lastKnownFileType = sourcecode.swift; path = UserDefaultsManager.swift; sourceTree = "<group>"; };
		460A7F13252C5E9200BD260F /* Constants.swift */ = {isa = PBXFileReference; lastKnownFileType = sourcecode.swift; path = Constants.swift; sourceTree = "<group>"; };
		46240C1B252E5EFD000F34E7 /* BrainStressFont.swift */ = {isa = PBXFileReference; lastKnownFileType = sourcecode.swift; path = BrainStressFont.swift; sourceTree = "<group>"; };
		463E3F47254493BF002980A7 /* WarmupView.swift */ = {isa = PBXFileReference; lastKnownFileType = sourcecode.swift; path = WarmupView.swift; sourceTree = "<group>"; };
		463E3F5A25449CB3002980A7 /* Dedicated_QuizCardInteriorView.swift */ = {isa = PBXFileReference; fileEncoding = 4; lastKnownFileType = sourcecode.swift; path = Dedicated_QuizCardInteriorView.swift; sourceTree = "<group>"; };
		463E3F622544A4B7002980A7 /* GameView.swift */ = {isa = PBXFileReference; lastKnownFileType = sourcecode.swift; path = GameView.swift; sourceTree = "<group>"; };
		463E3F702544AC51002980A7 /* GameTopQuizItemScroller.swift */ = {isa = PBXFileReference; lastKnownFileType = sourcecode.swift; path = GameTopQuizItemScroller.swift; sourceTree = "<group>"; };
		463E3F752545E2F7002980A7 /* Date.swift */ = {isa = PBXFileReference; lastKnownFileType = sourcecode.swift; path = Date.swift; sourceTree = "<group>"; };
		463E3F7A2545F2E8002980A7 /* QuizAnswerButton.swift */ = {isa = PBXFileReference; lastKnownFileType = sourcecode.swift; path = QuizAnswerButton.swift; sourceTree = "<group>"; };
		464A4F8D252BB8A600AD35FD /* AdaptsToSoftwareKeyboard.swift */ = {isa = PBXFileReference; lastKnownFileType = sourcecode.swift; path = AdaptsToSoftwareKeyboard.swift; sourceTree = "<group>"; };
		465AF09C252B75D300524ED9 /* BrainStress.app */ = {isa = PBXFileReference; explicitFileType = wrapper.application; includeInIndex = 0; path = BrainStress.app; sourceTree = BUILT_PRODUCTS_DIR; };
		465AF09F252B75D300524ED9 /* BrainStressApp.swift */ = {isa = PBXFileReference; lastKnownFileType = sourcecode.swift; path = BrainStressApp.swift; sourceTree = "<group>"; };
		465AF0A1252B75D300524ED9 /* ContentView.swift */ = {isa = PBXFileReference; lastKnownFileType = sourcecode.swift; path = ContentView.swift; sourceTree = "<group>"; };
		465AF0A3252B75D500524ED9 /* Assets.xcassets */ = {isa = PBXFileReference; lastKnownFileType = folder.assetcatalog; path = Assets.xcassets; sourceTree = "<group>"; };
		465AF0A6252B75D500524ED9 /* Preview Assets.xcassets */ = {isa = PBXFileReference; lastKnownFileType = folder.assetcatalog; path = "Preview Assets.xcassets"; sourceTree = "<group>"; };
		465AF0A8252B75D500524ED9 /* Info.plist */ = {isa = PBXFileReference; lastKnownFileType = text.plist.xml; path = Info.plist; sourceTree = "<group>"; };
		465AF0AD252B75D600524ED9 /* BrainStressTests.xctest */ = {isa = PBXFileReference; explicitFileType = wrapper.cfbundle; includeInIndex = 0; path = BrainStressTests.xctest; sourceTree = BUILT_PRODUCTS_DIR; };
		465AF0B1252B75D600524ED9 /* BrainStressTests.swift */ = {isa = PBXFileReference; lastKnownFileType = sourcecode.swift; path = BrainStressTests.swift; sourceTree = "<group>"; };
		465AF0B3252B75D600524ED9 /* Info.plist */ = {isa = PBXFileReference; lastKnownFileType = text.plist.xml; path = Info.plist; sourceTree = "<group>"; };
		465AF0B8252B75D600524ED9 /* BrainStressUITests.xctest */ = {isa = PBXFileReference; explicitFileType = wrapper.cfbundle; includeInIndex = 0; path = BrainStressUITests.xctest; sourceTree = BUILT_PRODUCTS_DIR; };
		465AF0BC252B75D600524ED9 /* BrainStressUITests.swift */ = {isa = PBXFileReference; lastKnownFileType = sourcecode.swift; path = BrainStressUITests.swift; sourceTree = "<group>"; };
		465AF0BE252B75D600524ED9 /* Info.plist */ = {isa = PBXFileReference; lastKnownFileType = text.plist.xml; path = Info.plist; sourceTree = "<group>"; };
		465AF0CE252B8D0A00524ED9 /* Color.swift */ = {isa = PBXFileReference; lastKnownFileType = sourcecode.swift; path = Color.swift; sourceTree = "<group>"; };
		46652BFF253F280F00B6B3B0 /* FirstTimeView.swift */ = {isa = PBXFileReference; lastKnownFileType = sourcecode.swift; path = FirstTimeView.swift; sourceTree = "<group>"; };
		46652C04253F295500B6B3B0 /* FirstTimeTwo.swift */ = {isa = PBXFileReference; lastKnownFileType = sourcecode.swift; path = FirstTimeTwo.swift; sourceTree = "<group>"; };
		46652C0E253F308400B6B3B0 /* FirstTimeThree.swift */ = {isa = PBXFileReference; lastKnownFileType = sourcecode.swift; path = FirstTimeThree.swift; sourceTree = "<group>"; };
		467FCFBA252DB01100AF4A9B /* QuizItem.swift */ = {isa = PBXFileReference; lastKnownFileType = sourcecode.swift; path = QuizItem.swift; sourceTree = "<group>"; };
		467FCFC2252DB12100AF4A9B /* Difficulty.swift */ = {isa = PBXFileReference; lastKnownFileType = sourcecode.swift; path = Difficulty.swift; sourceTree = "<group>"; };
		467FCFC8252DB1E200AF4A9B /* Data.swift */ = {isa = PBXFileReference; lastKnownFileType = sourcecode.swift; path = Data.swift; sourceTree = "<group>"; };
		467FCFD0252DB33D00AF4A9B /* Operator.swift */ = {isa = PBXFileReference; lastKnownFileType = sourcecode.swift; path = Operator.swift; sourceTree = "<group>"; };
		467FCFD5252DB85000AF4A9B /* Double.swift */ = {isa = PBXFileReference; lastKnownFileType = sourcecode.swift; path = Double.swift; sourceTree = "<group>"; };
		467FCFDA252DC27700AF4A9B /* GameViewModel.swift */ = {isa = PBXFileReference; lastKnownFileType = sourcecode.swift; path = GameViewModel.swift; sourceTree = "<group>"; };
		4686DAED252F6D590048B7C1 /* KeyboardObserving.swift */ = {isa = PBXFileReference; lastKnownFileType = sourcecode.swift; path = KeyboardObserving.swift; sourceTree = "<group>"; };
		4686DAF2252F6D6D0048B7C1 /* View.swift */ = {isa = PBXFileReference; lastKnownFileType = sourcecode.swift; path = View.swift; sourceTree = "<group>"; };
		4686DB06253433D00048B7C1 /* AppModel.swift */ = {isa = PBXFileReference; lastKnownFileType = sourcecode.swift; path = AppModel.swift; sourceTree = "<group>"; };
		469572D72546075D005A2A3E /* GameEndView.swift */ = {isa = PBXFileReference; lastKnownFileType = sourcecode.swift; path = GameEndView.swift; sourceTree = "<group>"; };
		469572DC254609C4005A2A3E /* CardQuizVerdict.swift */ = {isa = PBXFileReference; lastKnownFileType = sourcecode.swift; path = CardQuizVerdict.swift; sourceTree = "<group>"; };
		469572EA2546B5AF005A2A3E /* Company.swift */ = {isa = PBXFileReference; lastKnownFileType = sourcecode.swift; path = Company.swift; sourceTree = "<group>"; };
		469572EF2546B6F8005A2A3E /* CSVParsable.swift */ = {isa = PBXFileReference; lastKnownFileType = sourcecode.swift; path = CSVParsable.swift; sourceTree = "<group>"; };
		469572F42547FEF2005A2A3E /* Quizable.swift */ = {isa = PBXFileReference; lastKnownFileType = sourcecode.swift; path = Quizable.swift; sourceTree = "<group>"; };
		469572F92547FFD2005A2A3E /* Mottos_1.csv */ = {isa = PBXFileReference; fileEncoding = 4; lastKnownFileType = text; path = Mottos_1.csv; sourceTree = "<group>"; };
		46970FCF253ED2F400AAC15F /* FirstTimeOne.swift */ = {isa = PBXFileReference; lastKnownFileType = sourcecode.swift; path = FirstTimeOne.swift; sourceTree = "<group>"; };
		46988FF2252C7559006EF37B /* QuizCategory.swift */ = {isa = PBXFileReference; lastKnownFileType = sourcecode.swift; path = QuizCategory.swift; sourceTree = "<group>"; };
		46989004252C7D85006EF37B /* UIColor.swift */ = {isa = PBXFileReference; lastKnownFileType = sourcecode.swift; path = UIColor.swift; sourceTree = "<group>"; };
		46D9094E252DCDF900E40E6F /* MyPlayground.playground */ = {isa = PBXFileReference; lastKnownFileType = file.playground; path = MyPlayground.playground; sourceTree = "<group>"; xcLanguageSpecificationIdentifier = xcode.lang.swift; };
		46F5991625404ACB00C0BDBA /* Button1.swift */ = {isa = PBXFileReference; lastKnownFileType = sourcecode.swift; path = Button1.swift; sourceTree = "<group>"; };
		46F5991C25405CCD00C0BDBA /* HomeView.swift */ = {isa = PBXFileReference; lastKnownFileType = sourcecode.swift; path = HomeView.swift; sourceTree = "<group>"; };
		46F5992725406D2800C0BDBA /* CardView.swift */ = {isa = PBXFileReference; lastKnownFileType = sourcecode.swift; path = CardView.swift; sourceTree = "<group>"; };
		46F5992D2540708100C0BDBA /* CardPresentable.swift */ = {isa = PBXFileReference; lastKnownFileType = sourcecode.swift; path = CardPresentable.swift; sourceTree = "<group>"; };
		46F599592540744500C0BDBA /* Array.swift */ = {isa = PBXFileReference; lastKnownFileType = sourcecode.swift; path = Array.swift; sourceTree = "<group>"; };
		46F5995E2540C06A00C0BDBA /* CardQuizLeft.swift */ = {isa = PBXFileReference; lastKnownFileType = sourcecode.swift; path = CardQuizLeft.swift; sourceTree = "<group>"; };
		46F599632541538B00C0BDBA /* CardWithSidebarView.swift */ = {isa = PBXFileReference; lastKnownFileType = sourcecode.swift; path = CardWithSidebarView.swift; sourceTree = "<group>"; };
		5D22F788A8EA6AE1847B8E13 /* Pods_BrainStressTests.framework */ = {isa = PBXFileReference; explicitFileType = wrapper.framework; includeInIndex = 0; path = Pods_BrainStressTests.framework; sourceTree = BUILT_PRODUCTS_DIR; };
		9B4232A655BB98BB0233DC22 /* Pods-BrainStress-BrainStressUITests.release.xcconfig */ = {isa = PBXFileReference; includeInIndex = 1; lastKnownFileType = text.xcconfig; name = "Pods-BrainStress-BrainStressUITests.release.xcconfig"; path = "Target Support Files/Pods-BrainStress-BrainStressUITests/Pods-BrainStress-BrainStressUITests.release.xcconfig"; sourceTree = "<group>"; };
		C8839068A2B54B3785DE3162 /* Pods-BrainStressTests.release.xcconfig */ = {isa = PBXFileReference; includeInIndex = 1; lastKnownFileType = text.xcconfig; name = "Pods-BrainStressTests.release.xcconfig"; path = "Target Support Files/Pods-BrainStressTests/Pods-BrainStressTests.release.xcconfig"; sourceTree = "<group>"; };
		CB2742EA28EE527A66462709 /* Pods_BrainStress.framework */ = {isa = PBXFileReference; explicitFileType = wrapper.framework; includeInIndex = 0; path = Pods_BrainStress.framework; sourceTree = BUILT_PRODUCTS_DIR; };
		DFC4675DC0CA995753BC0DFD /* Pods-BrainStress-BrainStressUITests.debug.xcconfig */ = {isa = PBXFileReference; includeInIndex = 1; lastKnownFileType = text.xcconfig; name = "Pods-BrainStress-BrainStressUITests.debug.xcconfig"; path = "Target Support Files/Pods-BrainStress-BrainStressUITests/Pods-BrainStress-BrainStressUITests.debug.xcconfig"; sourceTree = "<group>"; };
		E096370BBDEA694138C307E5 /* Pods_BrainStress_BrainStressUITests.framework */ = {isa = PBXFileReference; explicitFileType = wrapper.framework; includeInIndex = 0; path = Pods_BrainStress_BrainStressUITests.framework; sourceTree = BUILT_PRODUCTS_DIR; };
		ED3C714129E19E49F19B62F7 /* Pods-BrainStress.release.xcconfig */ = {isa = PBXFileReference; includeInIndex = 1; lastKnownFileType = text.xcconfig; name = "Pods-BrainStress.release.xcconfig"; path = "Target Support Files/Pods-BrainStress/Pods-BrainStress.release.xcconfig"; sourceTree = "<group>"; };
/* End PBXFileReference section */

/* Begin PBXFrameworksBuildPhase section */
		465AF099252B75D300524ED9 /* Frameworks */ = {
			isa = PBXFrameworksBuildPhase;
			buildActionMask = 2147483647;
			files = (
				93032DFB78D07D2EFC407670 /* Pods_BrainStress.framework in Frameworks */,
			);
			runOnlyForDeploymentPostprocessing = 0;
		};
		465AF0AA252B75D600524ED9 /* Frameworks */ = {
			isa = PBXFrameworksBuildPhase;
			buildActionMask = 2147483647;
			files = (
				2AAF0E14FE20276AA0AED992 /* Pods_BrainStressTests.framework in Frameworks */,
			);
			runOnlyForDeploymentPostprocessing = 0;
		};
		465AF0B5252B75D600524ED9 /* Frameworks */ = {
			isa = PBXFrameworksBuildPhase;
			buildActionMask = 2147483647;
			files = (
				31B4386EE88CD4391C40E706 /* Pods_BrainStress_BrainStressUITests.framework in Frameworks */,
			);
			runOnlyForDeploymentPostprocessing = 0;
		};
/* End PBXFrameworksBuildPhase section */

/* Begin PBXGroup section */
		0DC48F61D1860EA5A93625CA /* Pods */ = {
			isa = PBXGroup;
			children = (
				0D840A695BD3B7E1BAF296F7 /* Pods-BrainStress.debug.xcconfig */,
				ED3C714129E19E49F19B62F7 /* Pods-BrainStress.release.xcconfig */,
				DFC4675DC0CA995753BC0DFD /* Pods-BrainStress-BrainStressUITests.debug.xcconfig */,
				9B4232A655BB98BB0233DC22 /* Pods-BrainStress-BrainStressUITests.release.xcconfig */,
				380AC4173F7C9B229A464F85 /* Pods-BrainStressTests.debug.xcconfig */,
				C8839068A2B54B3785DE3162 /* Pods-BrainStressTests.release.xcconfig */,
			);
			path = Pods;
			sourceTree = "<group>";
		};
		46076AA725358CD500B5C5D2 /* Supporting Files */ = {
			isa = PBXGroup;
			children = (
				469572F92547FFD2005A2A3E /* Mottos_1.csv */,
				46076AD52536E2E900B5C5D2 /* Geography_1.csv */,
				46076AAB25358D0400B5C5D2 /* Country_Capitals.csv */,
				465AF0A3252B75D500524ED9 /* Assets.xcassets */,
				465AF0A8252B75D500524ED9 /* Info.plist */,
				46D9094E252DCDF900E40E6F /* MyPlayground.playground */,
			);
			path = "Supporting Files";
			sourceTree = "<group>";
		};
		460A7F01252C5CFF00BD260F /* Managers */ = {
			isa = PBXGroup;
			children = (
				460A7F02252C5D0C00BD260F /* UserDefaultsManager.swift */,
				46076ABB253594BF00B5C5D2 /* CSVManager.swift */,
			);
			path = Managers;
			sourceTree = "<group>";
		};
		460A7F12252C5E8700BD260F /* Core */ = {
			isa = PBXGroup;
			children = (
				46F5992C2540706600C0BDBA /* Protocols */,
				464A4F8D252BB8A600AD35FD /* AdaptsToSoftwareKeyboard.swift */,
				467FCFC7252DB1D200AF4A9B /* Data */,
				46988FF1252C754E006EF37B /* Model */,
				460A7F01252C5CFF00BD260F /* Managers */,
				460A7F13252C5E9200BD260F /* Constants.swift */,
			);
			path = Core;
			sourceTree = "<group>";
		};
		46240C1A252E5EE6000F34E7 /* Modifiers */ = {
			isa = PBXGroup;
			children = (
				46240C1B252E5EFD000F34E7 /* BrainStressFont.swift */,
				4686DAED252F6D590048B7C1 /* KeyboardObserving.swift */,
			);
			path = Modifiers;
			sourceTree = "<group>";
		};
		463E3F46254493B3002980A7 /* Game */ = {
			isa = PBXGroup;
			children = (
				463E3F47254493BF002980A7 /* WarmupView.swift */,
				463E3F622544A4B7002980A7 /* GameView.swift */,
				469572D72546075D005A2A3E /* GameEndView.swift */,
			);
			path = Game;
			sourceTree = "<group>";
		};
		465AF093252B75D300524ED9 = {
			isa = PBXGroup;
			children = (
				465AF09E252B75D300524ED9 /* BrainStress */,
				465AF0B0252B75D600524ED9 /* BrainStressTests */,
				465AF0BB252B75D600524ED9 /* BrainStressUITests */,
				465AF09D252B75D300524ED9 /* Products */,
				0DC48F61D1860EA5A93625CA /* Pods */,
				C0F8C943D6DB4AF34C362538 /* Frameworks */,
			);
			sourceTree = "<group>";
		};
		465AF09D252B75D300524ED9 /* Products */ = {
			isa = PBXGroup;
			children = (
				465AF09C252B75D300524ED9 /* BrainStress.app */,
				465AF0AD252B75D600524ED9 /* BrainStressTests.xctest */,
				465AF0B8252B75D600524ED9 /* BrainStressUITests.xctest */,
			);
			name = Products;
			sourceTree = "<group>";
		};
		465AF09E252B75D300524ED9 /* BrainStress */ = {
			isa = PBXGroup;
			children = (
				46970FCC253ED2D000AAC15F /* V2 */,
				46076AA725358CD500B5C5D2 /* Supporting Files */,
				460A7F12252C5E8700BD260F /* Core */,
				465AF0CD252B8D0000524ED9 /* Extensions */,
				46240C1A252E5EE6000F34E7 /* Modifiers */,
				465AF09F252B75D300524ED9 /* BrainStressApp.swift */,
				465AF0A5252B75D500524ED9 /* Preview Content */,
			);
			path = BrainStress;
			sourceTree = "<group>";
		};
		465AF0A5252B75D500524ED9 /* Preview Content */ = {
			isa = PBXGroup;
			children = (
				465AF0A6252B75D500524ED9 /* Preview Assets.xcassets */,
			);
			path = "Preview Content";
			sourceTree = "<group>";
		};
		465AF0B0252B75D600524ED9 /* BrainStressTests */ = {
			isa = PBXGroup;
			children = (
				465AF0B1252B75D600524ED9 /* BrainStressTests.swift */,
				465AF0B3252B75D600524ED9 /* Info.plist */,
			);
			path = BrainStressTests;
			sourceTree = "<group>";
		};
		465AF0BB252B75D600524ED9 /* BrainStressUITests */ = {
			isa = PBXGroup;
			children = (
				465AF0BC252B75D600524ED9 /* BrainStressUITests.swift */,
				465AF0BE252B75D600524ED9 /* Info.plist */,
			);
			path = BrainStressUITests;
			sourceTree = "<group>";
		};
		465AF0CD252B8D0000524ED9 /* Extensions */ = {
			isa = PBXGroup;
			children = (
				465AF0CE252B8D0A00524ED9 /* Color.swift */,
				46989004252C7D85006EF37B /* UIColor.swift */,
				467FCFD5252DB85000AF4A9B /* Double.swift */,
				4686DAF2252F6D6D0048B7C1 /* View.swift */,
				46F599592540744500C0BDBA /* Array.swift */,
				463E3F752545E2F7002980A7 /* Date.swift */,
			);
			path = Extensions;
			sourceTree = "<group>";
		};
		467FCFC7252DB1D200AF4A9B /* Data */ = {
			isa = PBXGroup;
			children = (
				467FCFC8252DB1E200AF4A9B /* Data.swift */,
			);
			path = Data;
			sourceTree = "<group>";
		};
		46970FCC253ED2D000AAC15F /* V2 */ = {
			isa = PBXGroup;
			children = (
				465AF0A1252B75D300524ED9 /* ContentView.swift */,
				46970FCE253ED2E100AAC15F /* Components */,
				46970FCD253ED2D700AAC15F /* Screens */,
			);
			path = V2;
			sourceTree = "<group>";
		};
		46970FCD253ED2D700AAC15F /* Screens */ = {
			isa = PBXGroup;
			children = (
				463E3F46254493B3002980A7 /* Game */,
				46F5991B25405CBA00C0BDBA /* Home */,
				46970FD7253ED2F900AAC15F /* First Time */,
			);
			path = Screens;
			sourceTree = "<group>";
		};
		46970FCE253ED2E100AAC15F /* Components */ = {
			isa = PBXGroup;
			children = (
				463E3F5A25449CB3002980A7 /* Dedicated_QuizCardInteriorView.swift */,
				46F5996F2542C7DB00C0BDBA /* Reusable */,
			);
			path = Components;
			sourceTree = "<group>";
		};
		46970FD7253ED2F900AAC15F /* First Time */ = {
			isa = PBXGroup;
			children = (
				46652BFF253F280F00B6B3B0 /* FirstTimeView.swift */,
				46970FCF253ED2F400AAC15F /* FirstTimeOne.swift */,
				46652C04253F295500B6B3B0 /* FirstTimeTwo.swift */,
				46652C0E253F308400B6B3B0 /* FirstTimeThree.swift */,
			);
			path = "First Time";
			sourceTree = "<group>";
		};
		46988FF1252C754E006EF37B /* Model */ = {
			isa = PBXGroup;
			children = (
				467FCFDA252DC27700AF4A9B /* GameViewModel.swift */,
				46988FF2252C7559006EF37B /* QuizCategory.swift */,
				467FCFBA252DB01100AF4A9B /* QuizItem.swift */,
				467FCFC2252DB12100AF4A9B /* Difficulty.swift */,
				467FCFD0252DB33D00AF4A9B /* Operator.swift */,
				4686DB06253433D00048B7C1 /* AppModel.swift */,
				46076AB62535949F00B5C5D2 /* Country.swift */,
				46076AC52536DEBC00B5C5D2 /* GeneralQuestion.swift */,
				469572EA2546B5AF005A2A3E /* Company.swift */,
				469572EF2546B6F8005A2A3E /* CSVParsable.swift */,
			);
			path = Model;
			sourceTree = "<group>";
		};
		46F5991B25405CBA00C0BDBA /* Home */ = {
			isa = PBXGroup;
			children = (
				46F5991C25405CCD00C0BDBA /* HomeView.swift */,
			);
			path = Home;
			sourceTree = "<group>";
		};
		46F5992C2540706600C0BDBA /* Protocols */ = {
			isa = PBXGroup;
			children = (
				46F5992D2540708100C0BDBA /* CardPresentable.swift */,
				469572F42547FEF2005A2A3E /* Quizable.swift */,
			);
			path = Protocols;
			sourceTree = "<group>";
		};
		46F5996F2542C7DB00C0BDBA /* Reusable */ = {
			isa = PBXGroup;
			children = (
				46F5991625404ACB00C0BDBA /* Button1.swift */,
				46F5992725406D2800C0BDBA /* CardView.swift */,
				46F5995E2540C06A00C0BDBA /* CardQuizLeft.swift */,
				46F599632541538B00C0BDBA /* CardWithSidebarView.swift */,
				463E3F702544AC51002980A7 /* GameTopQuizItemScroller.swift */,
				463E3F7A2545F2E8002980A7 /* QuizAnswerButton.swift */,
				469572DC254609C4005A2A3E /* CardQuizVerdict.swift */,
			);
			path = Reusable;
			sourceTree = "<group>";
		};
		C0F8C943D6DB4AF34C362538 /* Frameworks */ = {
			isa = PBXGroup;
			children = (
				CB2742EA28EE527A66462709 /* Pods_BrainStress.framework */,
				E096370BBDEA694138C307E5 /* Pods_BrainStress_BrainStressUITests.framework */,
				5D22F788A8EA6AE1847B8E13 /* Pods_BrainStressTests.framework */,
			);
			name = Frameworks;
			sourceTree = "<group>";
		};
/* End PBXGroup section */

/* Begin PBXNativeTarget section */
		465AF09B252B75D300524ED9 /* BrainStress */ = {
			isa = PBXNativeTarget;
			buildConfigurationList = 465AF0C1252B75D600524ED9 /* Build configuration list for PBXNativeTarget "BrainStress" */;
			buildPhases = (
				997F9EC32475F5CAD73E1B96 /* [CP] Check Pods Manifest.lock */,
				465AF098252B75D300524ED9 /* Sources */,
				465AF099252B75D300524ED9 /* Frameworks */,
				465AF09A252B75D300524ED9 /* Resources */,
				984B39932C2449F83C38290D /* [CP] Embed Pods Frameworks */,
			);
			buildRules = (
			);
			dependencies = (
			);
			name = BrainStress;
			productName = BrainStress;
			productReference = 465AF09C252B75D300524ED9 /* BrainStress.app */;
			productType = "com.apple.product-type.application";
		};
		465AF0AC252B75D600524ED9 /* BrainStressTests */ = {
			isa = PBXNativeTarget;
			buildConfigurationList = 465AF0C4252B75D600524ED9 /* Build configuration list for PBXNativeTarget "BrainStressTests" */;
			buildPhases = (
				C840D512F4C9AD4EA1619C2D /* [CP] Check Pods Manifest.lock */,
				465AF0A9252B75D600524ED9 /* Sources */,
				465AF0AA252B75D600524ED9 /* Frameworks */,
				465AF0AB252B75D600524ED9 /* Resources */,
			);
			buildRules = (
			);
			dependencies = (
				465AF0AF252B75D600524ED9 /* PBXTargetDependency */,
			);
			name = BrainStressTests;
			productName = BrainStressTests;
			productReference = 465AF0AD252B75D600524ED9 /* BrainStressTests.xctest */;
			productType = "com.apple.product-type.bundle.unit-test";
		};
		465AF0B7252B75D600524ED9 /* BrainStressUITests */ = {
			isa = PBXNativeTarget;
			buildConfigurationList = 465AF0C7252B75D600524ED9 /* Build configuration list for PBXNativeTarget "BrainStressUITests" */;
			buildPhases = (
				E7E8578C1C344AB30B343B4D /* [CP] Check Pods Manifest.lock */,
				465AF0B4252B75D600524ED9 /* Sources */,
				465AF0B5252B75D600524ED9 /* Frameworks */,
				465AF0B6252B75D600524ED9 /* Resources */,
				00AD575F564BB1FC3512B88D /* [CP] Embed Pods Frameworks */,
			);
			buildRules = (
			);
			dependencies = (
				465AF0BA252B75D600524ED9 /* PBXTargetDependency */,
			);
			name = BrainStressUITests;
			productName = BrainStressUITests;
			productReference = 465AF0B8252B75D600524ED9 /* BrainStressUITests.xctest */;
			productType = "com.apple.product-type.bundle.ui-testing";
		};
/* End PBXNativeTarget section */

/* Begin PBXProject section */
		465AF094252B75D300524ED9 /* Project object */ = {
			isa = PBXProject;
			attributes = {
				LastSwiftUpdateCheck = 1200;
				LastUpgradeCheck = 1200;
				TargetAttributes = {
					465AF09B252B75D300524ED9 = {
						CreatedOnToolsVersion = 12.0.1;
					};
					465AF0AC252B75D600524ED9 = {
						CreatedOnToolsVersion = 12.0.1;
						TestTargetID = 465AF09B252B75D300524ED9;
					};
					465AF0B7252B75D600524ED9 = {
						CreatedOnToolsVersion = 12.0.1;
						TestTargetID = 465AF09B252B75D300524ED9;
					};
				};
			};
			buildConfigurationList = 465AF097252B75D300524ED9 /* Build configuration list for PBXProject "BrainStress" */;
			compatibilityVersion = "Xcode 9.3";
			developmentRegion = en;
			hasScannedForEncodings = 0;
			knownRegions = (
				en,
				Base,
			);
			mainGroup = 465AF093252B75D300524ED9;
			productRefGroup = 465AF09D252B75D300524ED9 /* Products */;
			projectDirPath = "";
			projectRoot = "";
			targets = (
				465AF09B252B75D300524ED9 /* BrainStress */,
				465AF0AC252B75D600524ED9 /* BrainStressTests */,
				465AF0B7252B75D600524ED9 /* BrainStressUITests */,
			);
		};
/* End PBXProject section */

/* Begin PBXResourcesBuildPhase section */
		465AF09A252B75D300524ED9 /* Resources */ = {
			isa = PBXResourcesBuildPhase;
			buildActionMask = 2147483647;
			files = (
				465AF0A7252B75D500524ED9 /* Preview Assets.xcassets in Resources */,
				465AF0A4252B75D500524ED9 /* Assets.xcassets in Resources */,
				469572FA2547FFD2005A2A3E /* Mottos_1.csv in Resources */,
				46076AAC25358D0400B5C5D2 /* Country_Capitals.csv in Resources */,
				46076AD62536E2E900B5C5D2 /* Geography_1.csv in Resources */,
			);
			runOnlyForDeploymentPostprocessing = 0;
		};
		465AF0AB252B75D600524ED9 /* Resources */ = {
			isa = PBXResourcesBuildPhase;
			buildActionMask = 2147483647;
			files = (
			);
			runOnlyForDeploymentPostprocessing = 0;
		};
		465AF0B6252B75D600524ED9 /* Resources */ = {
			isa = PBXResourcesBuildPhase;
			buildActionMask = 2147483647;
			files = (
			);
			runOnlyForDeploymentPostprocessing = 0;
		};
/* End PBXResourcesBuildPhase section */

/* Begin PBXShellScriptBuildPhase section */
		00AD575F564BB1FC3512B88D /* [CP] Embed Pods Frameworks */ = {
			isa = PBXShellScriptBuildPhase;
			buildActionMask = 2147483647;
			files = (
			);
			inputFileListPaths = (
				"${PODS_ROOT}/Target Support Files/Pods-BrainStress-BrainStressUITests/Pods-BrainStress-BrainStressUITests-frameworks-${CONFIGURATION}-input-files.xcfilelist",
			);
			name = "[CP] Embed Pods Frameworks";
			outputFileListPaths = (
				"${PODS_ROOT}/Target Support Files/Pods-BrainStress-BrainStressUITests/Pods-BrainStress-BrainStressUITests-frameworks-${CONFIGURATION}-output-files.xcfilelist",
			);
			runOnlyForDeploymentPostprocessing = 0;
			shellPath = /bin/sh;
			shellScript = "\"${PODS_ROOT}/Target Support Files/Pods-BrainStress-BrainStressUITests/Pods-BrainStress-BrainStressUITests-frameworks.sh\"\n";
			showEnvVarsInLog = 0;
		};
		984B39932C2449F83C38290D /* [CP] Embed Pods Frameworks */ = {
			isa = PBXShellScriptBuildPhase;
			buildActionMask = 2147483647;
			files = (
			);
			inputFileListPaths = (
				"${PODS_ROOT}/Target Support Files/Pods-BrainStress/Pods-BrainStress-frameworks-${CONFIGURATION}-input-files.xcfilelist",
			);
			name = "[CP] Embed Pods Frameworks";
			outputFileListPaths = (
				"${PODS_ROOT}/Target Support Files/Pods-BrainStress/Pods-BrainStress-frameworks-${CONFIGURATION}-output-files.xcfilelist",
			);
			runOnlyForDeploymentPostprocessing = 0;
			shellPath = /bin/sh;
			shellScript = "\"${PODS_ROOT}/Target Support Files/Pods-BrainStress/Pods-BrainStress-frameworks.sh\"\n";
			showEnvVarsInLog = 0;
		};
		997F9EC32475F5CAD73E1B96 /* [CP] Check Pods Manifest.lock */ = {
			isa = PBXShellScriptBuildPhase;
			buildActionMask = 2147483647;
			files = (
			);
			inputFileListPaths = (
			);
			inputPaths = (
				"${PODS_PODFILE_DIR_PATH}/Podfile.lock",
				"${PODS_ROOT}/Manifest.lock",
			);
			name = "[CP] Check Pods Manifest.lock";
			outputFileListPaths = (
			);
			outputPaths = (
				"$(DERIVED_FILE_DIR)/Pods-BrainStress-checkManifestLockResult.txt",
			);
			runOnlyForDeploymentPostprocessing = 0;
			shellPath = /bin/sh;
			shellScript = "diff \"${PODS_PODFILE_DIR_PATH}/Podfile.lock\" \"${PODS_ROOT}/Manifest.lock\" > /dev/null\nif [ $? != 0 ] ; then\n    # print error to STDERR\n    echo \"error: The sandbox is not in sync with the Podfile.lock. Run 'pod install' or update your CocoaPods installation.\" >&2\n    exit 1\nfi\n# This output is used by Xcode 'outputs' to avoid re-running this script phase.\necho \"SUCCESS\" > \"${SCRIPT_OUTPUT_FILE_0}\"\n";
			showEnvVarsInLog = 0;
		};
		C840D512F4C9AD4EA1619C2D /* [CP] Check Pods Manifest.lock */ = {
			isa = PBXShellScriptBuildPhase;
			buildActionMask = 2147483647;
			files = (
			);
			inputFileListPaths = (
			);
			inputPaths = (
				"${PODS_PODFILE_DIR_PATH}/Podfile.lock",
				"${PODS_ROOT}/Manifest.lock",
			);
			name = "[CP] Check Pods Manifest.lock";
			outputFileListPaths = (
			);
			outputPaths = (
				"$(DERIVED_FILE_DIR)/Pods-BrainStressTests-checkManifestLockResult.txt",
			);
			runOnlyForDeploymentPostprocessing = 0;
			shellPath = /bin/sh;
			shellScript = "diff \"${PODS_PODFILE_DIR_PATH}/Podfile.lock\" \"${PODS_ROOT}/Manifest.lock\" > /dev/null\nif [ $? != 0 ] ; then\n    # print error to STDERR\n    echo \"error: The sandbox is not in sync with the Podfile.lock. Run 'pod install' or update your CocoaPods installation.\" >&2\n    exit 1\nfi\n# This output is used by Xcode 'outputs' to avoid re-running this script phase.\necho \"SUCCESS\" > \"${SCRIPT_OUTPUT_FILE_0}\"\n";
			showEnvVarsInLog = 0;
		};
		E7E8578C1C344AB30B343B4D /* [CP] Check Pods Manifest.lock */ = {
			isa = PBXShellScriptBuildPhase;
			buildActionMask = 2147483647;
			files = (
			);
			inputFileListPaths = (
			);
			inputPaths = (
				"${PODS_PODFILE_DIR_PATH}/Podfile.lock",
				"${PODS_ROOT}/Manifest.lock",
			);
			name = "[CP] Check Pods Manifest.lock";
			outputFileListPaths = (
			);
			outputPaths = (
				"$(DERIVED_FILE_DIR)/Pods-BrainStress-BrainStressUITests-checkManifestLockResult.txt",
			);
			runOnlyForDeploymentPostprocessing = 0;
			shellPath = /bin/sh;
			shellScript = "diff \"${PODS_PODFILE_DIR_PATH}/Podfile.lock\" \"${PODS_ROOT}/Manifest.lock\" > /dev/null\nif [ $? != 0 ] ; then\n    # print error to STDERR\n    echo \"error: The sandbox is not in sync with the Podfile.lock. Run 'pod install' or update your CocoaPods installation.\" >&2\n    exit 1\nfi\n# This output is used by Xcode 'outputs' to avoid re-running this script phase.\necho \"SUCCESS\" > \"${SCRIPT_OUTPUT_FILE_0}\"\n";
			showEnvVarsInLog = 0;
		};
/* End PBXShellScriptBuildPhase section */

/* Begin PBXSourcesBuildPhase section */
		465AF098252B75D300524ED9 /* Sources */ = {
			isa = PBXSourcesBuildPhase;
			buildActionMask = 2147483647;
			files = (
				469572F02546B6F8005A2A3E /* CSVParsable.swift in Sources */,
				465AF0A2252B75D300524ED9 /* ContentView.swift in Sources */,
				46F5995F2540C06A00C0BDBA /* CardQuizLeft.swift in Sources */,
				463E3F5B25449CB3002980A7 /* Dedicated_QuizCardInteriorView.swift in Sources */,
				463E3F48254493BF002980A7 /* WarmupView.swift in Sources */,
				463E3F7B2545F2E8002980A7 /* QuizAnswerButton.swift in Sources */,
				4686DAEE252F6D590048B7C1 /* KeyboardObserving.swift in Sources */,
				46F5991D25405CCD00C0BDBA /* HomeView.swift in Sources */,
				460A7F14252C5E9200BD260F /* Constants.swift in Sources */,
				46652C00253F280F00B6B3B0 /* FirstTimeView.swift in Sources */,
				4686DB07253433D00048B7C1 /* AppModel.swift in Sources */,
				46F5995A2540744500C0BDBA /* Array.swift in Sources */,
				46076AC62536DEBC00B5C5D2 /* GeneralQuestion.swift in Sources */,
				46970FD0253ED2F400AAC15F /* FirstTimeOne.swift in Sources */,
				469572D82546075D005A2A3E /* GameEndView.swift in Sources */,
				464A4F8E252BB8A600AD35FD /* AdaptsToSoftwareKeyboard.swift in Sources */,
				469572F52547FEF2005A2A3E /* Quizable.swift in Sources */,
				463E3F762545E2F7002980A7 /* Date.swift in Sources */,
				467FCFC9252DB1E200AF4A9B /* Data.swift in Sources */,
				46F599642541538B00C0BDBA /* CardWithSidebarView.swift in Sources */,
				469572EB2546B5AF005A2A3E /* Company.swift in Sources */,
				463E3F712544AC51002980A7 /* GameTopQuizItemScroller.swift in Sources */,
				469572DD254609C4005A2A3E /* CardQuizVerdict.swift in Sources */,
				46F5991725404ACB00C0BDBA /* Button1.swift in Sources */,
				463E3F632544A4B7002980A7 /* GameView.swift in Sources */,
				467FCFD6252DB85000AF4A9B /* Double.swift in Sources */,
				4686DAF3252F6D6D0048B7C1 /* View.swift in Sources */,
				46989005252C7D85006EF37B /* UIColor.swift in Sources */,
				46240C1C252E5EFD000F34E7 /* BrainStressFont.swift in Sources */,
				465AF0A0252B75D300524ED9 /* BrainStressApp.swift in Sources */,
				46076ABC253594BF00B5C5D2 /* CSVManager.swift in Sources */,
				467FCFD1252DB33D00AF4A9B /* Operator.swift in Sources */,
				46076AB72535949F00B5C5D2 /* Country.swift in Sources */,
				46652C05253F295500B6B3B0 /* FirstTimeTwo.swift in Sources */,
				467FCFC3252DB12100AF4A9B /* Difficulty.swift in Sources */,
				467FCFDB252DC27700AF4A9B /* GameViewModel.swift in Sources */,
				460A7F03252C5D0C00BD260F /* UserDefaultsManager.swift in Sources */,
				46F5992E2540708100C0BDBA /* CardPresentable.swift in Sources */,
				467FCFBB252DB01100AF4A9B /* QuizItem.swift in Sources */,
				46988FF3252C7559006EF37B /* QuizCategory.swift in Sources */,
				46652C0F253F308400B6B3B0 /* FirstTimeThree.swift in Sources */,
				465AF0CF252B8D0A00524ED9 /* Color.swift in Sources */,
				46F5992825406D2800C0BDBA /* CardView.swift in Sources */,
			);
			runOnlyForDeploymentPostprocessing = 0;
		};
		465AF0A9252B75D600524ED9 /* Sources */ = {
			isa = PBXSourcesBuildPhase;
			buildActionMask = 2147483647;
			files = (
				465AF0B2252B75D600524ED9 /* BrainStressTests.swift in Sources */,
			);
			runOnlyForDeploymentPostprocessing = 0;
		};
		465AF0B4252B75D600524ED9 /* Sources */ = {
			isa = PBXSourcesBuildPhase;
			buildActionMask = 2147483647;
			files = (
				465AF0BD252B75D600524ED9 /* BrainStressUITests.swift in Sources */,
			);
			runOnlyForDeploymentPostprocessing = 0;
		};
/* End PBXSourcesBuildPhase section */

/* Begin PBXTargetDependency section */
		465AF0AF252B75D600524ED9 /* PBXTargetDependency */ = {
			isa = PBXTargetDependency;
			target = 465AF09B252B75D300524ED9 /* BrainStress */;
			targetProxy = 465AF0AE252B75D600524ED9 /* PBXContainerItemProxy */;
		};
		465AF0BA252B75D600524ED9 /* PBXTargetDependency */ = {
			isa = PBXTargetDependency;
			target = 465AF09B252B75D300524ED9 /* BrainStress */;
			targetProxy = 465AF0B9252B75D600524ED9 /* PBXContainerItemProxy */;
		};
/* End PBXTargetDependency section */

/* Begin XCBuildConfiguration section */
		465AF0BF252B75D600524ED9 /* Debug */ = {
			isa = XCBuildConfiguration;
			buildSettings = {
				ALWAYS_SEARCH_USER_PATHS = NO;
				CLANG_ANALYZER_NONNULL = YES;
				CLANG_ANALYZER_NUMBER_OBJECT_CONVERSION = YES_AGGRESSIVE;
				CLANG_CXX_LANGUAGE_STANDARD = "gnu++14";
				CLANG_CXX_LIBRARY = "libc++";
				CLANG_ENABLE_MODULES = YES;
				CLANG_ENABLE_OBJC_ARC = YES;
				CLANG_ENABLE_OBJC_WEAK = YES;
				CLANG_WARN_BLOCK_CAPTURE_AUTORELEASING = YES;
				CLANG_WARN_BOOL_CONVERSION = YES;
				CLANG_WARN_COMMA = YES;
				CLANG_WARN_CONSTANT_CONVERSION = YES;
				CLANG_WARN_DEPRECATED_OBJC_IMPLEMENTATIONS = YES;
				CLANG_WARN_DIRECT_OBJC_ISA_USAGE = YES_ERROR;
				CLANG_WARN_DOCUMENTATION_COMMENTS = YES;
				CLANG_WARN_EMPTY_BODY = YES;
				CLANG_WARN_ENUM_CONVERSION = YES;
				CLANG_WARN_INFINITE_RECURSION = YES;
				CLANG_WARN_INT_CONVERSION = YES;
				CLANG_WARN_NON_LITERAL_NULL_CONVERSION = YES;
				CLANG_WARN_OBJC_IMPLICIT_RETAIN_SELF = YES;
				CLANG_WARN_OBJC_LITERAL_CONVERSION = YES;
				CLANG_WARN_OBJC_ROOT_CLASS = YES_ERROR;
				CLANG_WARN_QUOTED_INCLUDE_IN_FRAMEWORK_HEADER = YES;
				CLANG_WARN_RANGE_LOOP_ANALYSIS = YES;
				CLANG_WARN_STRICT_PROTOTYPES = YES;
				CLANG_WARN_SUSPICIOUS_MOVE = YES;
				CLANG_WARN_UNGUARDED_AVAILABILITY = YES_AGGRESSIVE;
				CLANG_WARN_UNREACHABLE_CODE = YES;
				CLANG_WARN__DUPLICATE_METHOD_MATCH = YES;
				COPY_PHASE_STRIP = NO;
				DEBUG_INFORMATION_FORMAT = dwarf;
				ENABLE_STRICT_OBJC_MSGSEND = YES;
				ENABLE_TESTABILITY = YES;
				GCC_C_LANGUAGE_STANDARD = gnu11;
				GCC_DYNAMIC_NO_PIC = NO;
				GCC_NO_COMMON_BLOCKS = YES;
				GCC_OPTIMIZATION_LEVEL = 0;
				GCC_PREPROCESSOR_DEFINITIONS = (
					"DEBUG=1",
					"$(inherited)",
				);
				GCC_WARN_64_TO_32_BIT_CONVERSION = YES;
				GCC_WARN_ABOUT_RETURN_TYPE = YES_ERROR;
				GCC_WARN_UNDECLARED_SELECTOR = YES;
				GCC_WARN_UNINITIALIZED_AUTOS = YES_AGGRESSIVE;
				GCC_WARN_UNUSED_FUNCTION = YES;
				GCC_WARN_UNUSED_VARIABLE = YES;
				IPHONEOS_DEPLOYMENT_TARGET = 14.0;
				MTL_ENABLE_DEBUG_INFO = INCLUDE_SOURCE;
				MTL_FAST_MATH = YES;
				ONLY_ACTIVE_ARCH = YES;
				SDKROOT = iphoneos;
				SWIFT_ACTIVE_COMPILATION_CONDITIONS = DEBUG;
				SWIFT_OPTIMIZATION_LEVEL = "-Onone";
			};
			name = Debug;
		};
		465AF0C0252B75D600524ED9 /* Release */ = {
			isa = XCBuildConfiguration;
			buildSettings = {
				ALWAYS_SEARCH_USER_PATHS = NO;
				CLANG_ANALYZER_NONNULL = YES;
				CLANG_ANALYZER_NUMBER_OBJECT_CONVERSION = YES_AGGRESSIVE;
				CLANG_CXX_LANGUAGE_STANDARD = "gnu++14";
				CLANG_CXX_LIBRARY = "libc++";
				CLANG_ENABLE_MODULES = YES;
				CLANG_ENABLE_OBJC_ARC = YES;
				CLANG_ENABLE_OBJC_WEAK = YES;
				CLANG_WARN_BLOCK_CAPTURE_AUTORELEASING = YES;
				CLANG_WARN_BOOL_CONVERSION = YES;
				CLANG_WARN_COMMA = YES;
				CLANG_WARN_CONSTANT_CONVERSION = YES;
				CLANG_WARN_DEPRECATED_OBJC_IMPLEMENTATIONS = YES;
				CLANG_WARN_DIRECT_OBJC_ISA_USAGE = YES_ERROR;
				CLANG_WARN_DOCUMENTATION_COMMENTS = YES;
				CLANG_WARN_EMPTY_BODY = YES;
				CLANG_WARN_ENUM_CONVERSION = YES;
				CLANG_WARN_INFINITE_RECURSION = YES;
				CLANG_WARN_INT_CONVERSION = YES;
				CLANG_WARN_NON_LITERAL_NULL_CONVERSION = YES;
				CLANG_WARN_OBJC_IMPLICIT_RETAIN_SELF = YES;
				CLANG_WARN_OBJC_LITERAL_CONVERSION = YES;
				CLANG_WARN_OBJC_ROOT_CLASS = YES_ERROR;
				CLANG_WARN_QUOTED_INCLUDE_IN_FRAMEWORK_HEADER = YES;
				CLANG_WARN_RANGE_LOOP_ANALYSIS = YES;
				CLANG_WARN_STRICT_PROTOTYPES = YES;
				CLANG_WARN_SUSPICIOUS_MOVE = YES;
				CLANG_WARN_UNGUARDED_AVAILABILITY = YES_AGGRESSIVE;
				CLANG_WARN_UNREACHABLE_CODE = YES;
				CLANG_WARN__DUPLICATE_METHOD_MATCH = YES;
				COPY_PHASE_STRIP = NO;
				DEBUG_INFORMATION_FORMAT = "dwarf-with-dsym";
				ENABLE_NS_ASSERTIONS = NO;
				ENABLE_STRICT_OBJC_MSGSEND = YES;
				GCC_C_LANGUAGE_STANDARD = gnu11;
				GCC_NO_COMMON_BLOCKS = YES;
				GCC_WARN_64_TO_32_BIT_CONVERSION = YES;
				GCC_WARN_ABOUT_RETURN_TYPE = YES_ERROR;
				GCC_WARN_UNDECLARED_SELECTOR = YES;
				GCC_WARN_UNINITIALIZED_AUTOS = YES_AGGRESSIVE;
				GCC_WARN_UNUSED_FUNCTION = YES;
				GCC_WARN_UNUSED_VARIABLE = YES;
				IPHONEOS_DEPLOYMENT_TARGET = 14.0;
				MTL_ENABLE_DEBUG_INFO = NO;
				MTL_FAST_MATH = YES;
				SDKROOT = iphoneos;
				SWIFT_COMPILATION_MODE = wholemodule;
				SWIFT_OPTIMIZATION_LEVEL = "-O";
				VALIDATE_PRODUCT = YES;
			};
			name = Release;
		};
		465AF0C2252B75D600524ED9 /* Debug */ = {
			isa = XCBuildConfiguration;
			baseConfigurationReference = 0D840A695BD3B7E1BAF296F7 /* Pods-BrainStress.debug.xcconfig */;
			buildSettings = {
				ASSETCATALOG_COMPILER_APPICON_NAME = AppIcon;
				ASSETCATALOG_COMPILER_GLOBAL_ACCENT_COLOR_NAME = AccentColor;
				CODE_SIGN_STYLE = Automatic;
				CURRENT_PROJECT_VERSION = 4;
				DEVELOPMENT_ASSET_PATHS = "\"BrainStress/Preview Content\"";
				DEVELOPMENT_TEAM = FZSAPS42SZ;
				ENABLE_PREVIEWS = YES;
				INFOPLIST_FILE = "BrainStress/Supporting Files/Info.plist";
				IPHONEOS_DEPLOYMENT_TARGET = 14.0;
				LD_RUNPATH_SEARCH_PATHS = (
					"$(inherited)",
					"@executable_path/Frameworks",
				);
				PRODUCT_BUNDLE_IDENTIFIER = com.roloprodev.brainstress;
				PRODUCT_NAME = "$(TARGET_NAME)";
				SWIFT_VERSION = 5.0;
				TARGETED_DEVICE_FAMILY = "1,2";
			};
			name = Debug;
		};
		465AF0C3252B75D600524ED9 /* Release */ = {
			isa = XCBuildConfiguration;
			baseConfigurationReference = ED3C714129E19E49F19B62F7 /* Pods-BrainStress.release.xcconfig */;
			buildSettings = {
				ASSETCATALOG_COMPILER_APPICON_NAME = AppIcon;
				ASSETCATALOG_COMPILER_GLOBAL_ACCENT_COLOR_NAME = AccentColor;
				CODE_SIGN_STYLE = Automatic;
				CURRENT_PROJECT_VERSION = 4;
				DEVELOPMENT_ASSET_PATHS = "\"BrainStress/Preview Content\"";
				DEVELOPMENT_TEAM = FZSAPS42SZ;
				ENABLE_PREVIEWS = YES;
				INFOPLIST_FILE = "BrainStress/Supporting Files/Info.plist";
				IPHONEOS_DEPLOYMENT_TARGET = 14.0;
				LD_RUNPATH_SEARCH_PATHS = (
					"$(inherited)",
					"@executable_path/Frameworks",
				);
				PRODUCT_BUNDLE_IDENTIFIER = com.roloprodev.brainstress;
				PRODUCT_NAME = "$(TARGET_NAME)";
				SWIFT_VERSION = 5.0;
				TARGETED_DEVICE_FAMILY = "1,2";
			};
			name = Release;
		};
		465AF0C5252B75D600524ED9 /* Debug */ = {
			isa = XCBuildConfiguration;
			baseConfigurationReference = 380AC4173F7C9B229A464F85 /* Pods-BrainStressTests.debug.xcconfig */;
			buildSettings = {
				ALWAYS_EMBED_SWIFT_STANDARD_LIBRARIES = YES;
				BUNDLE_LOADER = "$(TEST_HOST)";
				CODE_SIGN_STYLE = Automatic;
				DEVELOPMENT_TEAM = FZSAPS42SZ;
				INFOPLIST_FILE = BrainStressTests/Info.plist;
				IPHONEOS_DEPLOYMENT_TARGET = 14.0;
				LD_RUNPATH_SEARCH_PATHS = (
					"$(inherited)",
					"@executable_path/Frameworks",
					"@loader_path/Frameworks",
				);
				PRODUCT_BUNDLE_IDENTIFIER = com.lorerobi.BrainStressTests;
				PRODUCT_NAME = "$(TARGET_NAME)";
				SWIFT_VERSION = 5.0;
				TARGETED_DEVICE_FAMILY = "1,2";
				TEST_HOST = "$(BUILT_PRODUCTS_DIR)/BrainStress.app/BrainStress";
			};
			name = Debug;
		};
		465AF0C6252B75D600524ED9 /* Release */ = {
			isa = XCBuildConfiguration;
			baseConfigurationReference = C8839068A2B54B3785DE3162 /* Pods-BrainStressTests.release.xcconfig */;
			buildSettings = {
				ALWAYS_EMBED_SWIFT_STANDARD_LIBRARIES = YES;
				BUNDLE_LOADER = "$(TEST_HOST)";
				CODE_SIGN_STYLE = Automatic;
				DEVELOPMENT_TEAM = FZSAPS42SZ;
				INFOPLIST_FILE = BrainStressTests/Info.plist;
				IPHONEOS_DEPLOYMENT_TARGET = 14.0;
				LD_RUNPATH_SEARCH_PATHS = (
					"$(inherited)",
					"@executable_path/Frameworks",
					"@loader_path/Frameworks",
				);
				PRODUCT_BUNDLE_IDENTIFIER = com.lorerobi.BrainStressTests;
				PRODUCT_NAME = "$(TARGET_NAME)";
				SWIFT_VERSION = 5.0;
				TARGETED_DEVICE_FAMILY = "1,2";
				TEST_HOST = "$(BUILT_PRODUCTS_DIR)/BrainStress.app/BrainStress";
			};
			name = Release;
		};
		465AF0C8252B75D600524ED9 /* Debug */ = {
			isa = XCBuildConfiguration;
			baseConfigurationReference = DFC4675DC0CA995753BC0DFD /* Pods-BrainStress-BrainStressUITests.debug.xcconfig */;
			buildSettings = {
				ALWAYS_EMBED_SWIFT_STANDARD_LIBRARIES = YES;
				CODE_SIGN_STYLE = Automatic;
				DEVELOPMENT_TEAM = FZSAPS42SZ;
				INFOPLIST_FILE = BrainStressUITests/Info.plist;
				LD_RUNPATH_SEARCH_PATHS = (
					"$(inherited)",
					"@executable_path/Frameworks",
					"@loader_path/Frameworks",
				);
				PRODUCT_BUNDLE_IDENTIFIER = com.lorerobi.BrainStressUITests;
				PRODUCT_NAME = "$(TARGET_NAME)";
				SWIFT_VERSION = 5.0;
				TARGETED_DEVICE_FAMILY = "1,2";
				TEST_TARGET_NAME = BrainStress;
			};
			name = Debug;
		};
		465AF0C9252B75D600524ED9 /* Release */ = {
			isa = XCBuildConfiguration;
			baseConfigurationReference = 9B4232A655BB98BB0233DC22 /* Pods-BrainStress-BrainStressUITests.release.xcconfig */;
			buildSettings = {
				ALWAYS_EMBED_SWIFT_STANDARD_LIBRARIES = YES;
				CODE_SIGN_STYLE = Automatic;
				DEVELOPMENT_TEAM = FZSAPS42SZ;
				INFOPLIST_FILE = BrainStressUITests/Info.plist;
				LD_RUNPATH_SEARCH_PATHS = (
					"$(inherited)",
					"@executable_path/Frameworks",
					"@loader_path/Frameworks",
				);
				PRODUCT_BUNDLE_IDENTIFIER = com.lorerobi.BrainStressUITests;
				PRODUCT_NAME = "$(TARGET_NAME)";
				SWIFT_VERSION = 5.0;
				TARGETED_DEVICE_FAMILY = "1,2";
				TEST_TARGET_NAME = BrainStress;
			};
			name = Release;
		};
/* End XCBuildConfiguration section */

/* Begin XCConfigurationList section */
		465AF097252B75D300524ED9 /* Build configuration list for PBXProject "BrainStress" */ = {
			isa = XCConfigurationList;
			buildConfigurations = (
				465AF0BF252B75D600524ED9 /* Debug */,
				465AF0C0252B75D600524ED9 /* Release */,
			);
			defaultConfigurationIsVisible = 0;
			defaultConfigurationName = Release;
		};
		465AF0C1252B75D600524ED9 /* Build configuration list for PBXNativeTarget "BrainStress" */ = {
			isa = XCConfigurationList;
			buildConfigurations = (
				465AF0C2252B75D600524ED9 /* Debug */,
				465AF0C3252B75D600524ED9 /* Release */,
			);
			defaultConfigurationIsVisible = 0;
			defaultConfigurationName = Release;
		};
		465AF0C4252B75D600524ED9 /* Build configuration list for PBXNativeTarget "BrainStressTests" */ = {
			isa = XCConfigurationList;
			buildConfigurations = (
				465AF0C5252B75D600524ED9 /* Debug */,
				465AF0C6252B75D600524ED9 /* Release */,
			);
			defaultConfigurationIsVisible = 0;
			defaultConfigurationName = Release;
		};
		465AF0C7252B75D600524ED9 /* Build configuration list for PBXNativeTarget "BrainStressUITests" */ = {
			isa = XCConfigurationList;
			buildConfigurations = (
				465AF0C8252B75D600524ED9 /* Debug */,
				465AF0C9252B75D600524ED9 /* Release */,
			);
			defaultConfigurationIsVisible = 0;
			defaultConfigurationName = Release;
		};
/* End XCConfigurationList section */
	};
	rootObject = 465AF094252B75D300524ED9 /* Project object */;
}
