// !$*UTF8*$!
{
	archiveVersion = 1;
	classes = {
	};
	objectVersion = 50;
	objects = {

/* Begin PBXBuildFile section */
		460A7F03252C5D0C00BD260F /* UserDefaultsManager.swift in Sources */ = {isa = PBXBuildFile; fileRef = 460A7F02252C5D0C00BD260F /* UserDefaultsManager.swift */; };
		460A7F14252C5E9200BD260F /* Constants.swift in Sources */ = {isa = PBXBuildFile; fileRef = 460A7F13252C5E9200BD260F /* Constants.swift */; };
		464A4F8E252BB8A600AD35FD /* AdaptsToSoftwareKeyboard.swift in Sources */ = {isa = PBXBuildFile; fileRef = 464A4F8D252BB8A600AD35FD /* AdaptsToSoftwareKeyboard.swift */; };
		464E25CB252C8D5300BBB877 /* Card1.swift in Sources */ = {isa = PBXBuildFile; fileRef = 464E25CA252C8D5300BBB877 /* Card1.swift */; };
		465AF0A0252B75D300524ED9 /* BrainStressApp.swift in Sources */ = {isa = PBXBuildFile; fileRef = 465AF09F252B75D300524ED9 /* BrainStressApp.swift */; };
		465AF0A2252B75D300524ED9 /* ContentView.swift in Sources */ = {isa = PBXBuildFile; fileRef = 465AF0A1252B75D300524ED9 /* ContentView.swift */; };
		465AF0A4252B75D500524ED9 /* Assets.xcassets in Resources */ = {isa = PBXBuildFile; fileRef = 465AF0A3252B75D500524ED9 /* Assets.xcassets */; };
		465AF0A7252B75D500524ED9 /* Preview Assets.xcassets in Resources */ = {isa = PBXBuildFile; fileRef = 465AF0A6252B75D500524ED9 /* Preview Assets.xcassets */; };
		465AF0B2252B75D600524ED9 /* BrainStressTests.swift in Sources */ = {isa = PBXBuildFile; fileRef = 465AF0B1252B75D600524ED9 /* BrainStressTests.swift */; };
		465AF0BD252B75D600524ED9 /* BrainStressUITests.swift in Sources */ = {isa = PBXBuildFile; fileRef = 465AF0BC252B75D600524ED9 /* BrainStressUITests.swift */; };
		465AF0CF252B8D0A00524ED9 /* Color.swift in Sources */ = {isa = PBXBuildFile; fileRef = 465AF0CE252B8D0A00524ED9 /* Color.swift */; };
		465AF0D8252B8E0A00524ED9 /* LogoView.swift in Sources */ = {isa = PBXBuildFile; fileRef = 465AF0D7252B8E0A00524ED9 /* LogoView.swift */; };
		465AF0E0252B8E4D00524ED9 /* RotatingGearView.swift in Sources */ = {isa = PBXBuildFile; fileRef = 465AF0DF252B8E4D00524ED9 /* RotatingGearView.swift */; };
		465AF0E5252B8EE100524ED9 /* RoundedButton1.swift in Sources */ = {isa = PBXBuildFile; fileRef = 465AF0E4252B8EE100524ED9 /* RoundedButton1.swift */; };
		465AF0EE252B900F00524ED9 /* EnrollView.swift in Sources */ = {isa = PBXBuildFile; fileRef = 465AF0ED252B900F00524ED9 /* EnrollView.swift */; };
		465AF0F6252B903800524ED9 /* BackgroundView.swift in Sources */ = {isa = PBXBuildFile; fileRef = 465AF0F5252B903800524ED9 /* BackgroundView.swift */; };
		467FCF93252CBC3100AF4A9B /* HomeView.swift in Sources */ = {isa = PBXBuildFile; fileRef = 467FCF92252CBC3100AF4A9B /* HomeView.swift */; };
		467FCF9C252CBCD700AF4A9B /* Card1Header.swift in Sources */ = {isa = PBXBuildFile; fileRef = 467FCF9B252CBCD700AF4A9B /* Card1Header.swift */; };
		467FCFA1252CBD0400AF4A9B /* Card1StressFactors.swift in Sources */ = {isa = PBXBuildFile; fileRef = 467FCFA0252CBD0400AF4A9B /* Card1StressFactors.swift */; };
		467FCFA7252CBD8700AF4A9B /* MathGameCardView.swift in Sources */ = {isa = PBXBuildFile; fileRef = 467FCFA6252CBD8700AF4A9B /* MathGameCardView.swift */; };
		467FCFB0252CBEE300AF4A9B /* GameView.swift in Sources */ = {isa = PBXBuildFile; fileRef = 467FCFAF252CBEE300AF4A9B /* GameView.swift */; };
		46988FED252C6B22006EF37B /* MainView.swift in Sources */ = {isa = PBXBuildFile; fileRef = 46988FEC252C6B22006EF37B /* MainView.swift */; };
		46988FF3252C7559006EF37B /* Category.swift in Sources */ = {isa = PBXBuildFile; fileRef = 46988FF2252C7559006EF37B /* Category.swift */; };
		46988FFB252C7761006EF37B /* CategoryScroller.swift in Sources */ = {isa = PBXBuildFile; fileRef = 46988FFA252C7761006EF37B /* CategoryScroller.swift */; };
		46989000252C77BF006EF37B /* FilterButton.swift in Sources */ = {isa = PBXBuildFile; fileRef = 46988FFF252C77BF006EF37B /* FilterButton.swift */; };
		46989005252C7D85006EF37B /* UIColor.swift in Sources */ = {isa = PBXBuildFile; fileRef = 46989004252C7D85006EF37B /* UIColor.swift */; };
/* End PBXBuildFile section */

/* Begin PBXContainerItemProxy section */
		465AF0AE252B75D600524ED9 /* PBXContainerItemProxy */ = {
			isa = PBXContainerItemProxy;
			containerPortal = 465AF094252B75D300524ED9 /* Project object */;
			proxyType = 1;
			remoteGlobalIDString = 465AF09B252B75D300524ED9;
			remoteInfo = BrainStress;
		};
		465AF0B9252B75D600524ED9 /* PBXContainerItemProxy */ = {
			isa = PBXContainerItemProxy;
			containerPortal = 465AF094252B75D300524ED9 /* Project object */;
			proxyType = 1;
			remoteGlobalIDString = 465AF09B252B75D300524ED9;
			remoteInfo = BrainStress;
		};
/* End PBXContainerItemProxy section */

/* Begin PBXFileReference section */
		460A7F02252C5D0C00BD260F /* UserDefaultsManager.swift */ = {isa = PBXFileReference; lastKnownFileType = sourcecode.swift; path = UserDefaultsManager.swift; sourceTree = "<group>"; };
		460A7F13252C5E9200BD260F /* Constants.swift */ = {isa = PBXFileReference; lastKnownFileType = sourcecode.swift; path = Constants.swift; sourceTree = "<group>"; };
		464A4F8D252BB8A600AD35FD /* AdaptsToSoftwareKeyboard.swift */ = {isa = PBXFileReference; lastKnownFileType = sourcecode.swift; path = AdaptsToSoftwareKeyboard.swift; sourceTree = "<group>"; };
		464E25CA252C8D5300BBB877 /* Card1.swift */ = {isa = PBXFileReference; lastKnownFileType = sourcecode.swift; path = Card1.swift; sourceTree = "<group>"; };
		465AF09C252B75D300524ED9 /* BrainStress.app */ = {isa = PBXFileReference; explicitFileType = wrapper.application; includeInIndex = 0; path = BrainStress.app; sourceTree = BUILT_PRODUCTS_DIR; };
		465AF09F252B75D300524ED9 /* BrainStressApp.swift */ = {isa = PBXFileReference; lastKnownFileType = sourcecode.swift; path = BrainStressApp.swift; sourceTree = "<group>"; };
		465AF0A1252B75D300524ED9 /* ContentView.swift */ = {isa = PBXFileReference; lastKnownFileType = sourcecode.swift; path = ContentView.swift; sourceTree = "<group>"; };
		465AF0A3252B75D500524ED9 /* Assets.xcassets */ = {isa = PBXFileReference; lastKnownFileType = folder.assetcatalog; path = Assets.xcassets; sourceTree = "<group>"; };
		465AF0A6252B75D500524ED9 /* Preview Assets.xcassets */ = {isa = PBXFileReference; lastKnownFileType = folder.assetcatalog; path = "Preview Assets.xcassets"; sourceTree = "<group>"; };
		465AF0A8252B75D500524ED9 /* Info.plist */ = {isa = PBXFileReference; lastKnownFileType = text.plist.xml; path = Info.plist; sourceTree = "<group>"; };
		465AF0AD252B75D600524ED9 /* BrainStressTests.xctest */ = {isa = PBXFileReference; explicitFileType = wrapper.cfbundle; includeInIndex = 0; path = BrainStressTests.xctest; sourceTree = BUILT_PRODUCTS_DIR; };
		465AF0B1252B75D600524ED9 /* BrainStressTests.swift */ = {isa = PBXFileReference; lastKnownFileType = sourcecode.swift; path = BrainStressTests.swift; sourceTree = "<group>"; };
		465AF0B3252B75D600524ED9 /* Info.plist */ = {isa = PBXFileReference; lastKnownFileType = text.plist.xml; path = Info.plist; sourceTree = "<group>"; };
		465AF0B8252B75D600524ED9 /* BrainStressUITests.xctest */ = {isa = PBXFileReference; explicitFileType = wrapper.cfbundle; includeInIndex = 0; path = BrainStressUITests.xctest; sourceTree = BUILT_PRODUCTS_DIR; };
		465AF0BC252B75D600524ED9 /* BrainStressUITests.swift */ = {isa = PBXFileReference; lastKnownFileType = sourcecode.swift; path = BrainStressUITests.swift; sourceTree = "<group>"; };
		465AF0BE252B75D600524ED9 /* Info.plist */ = {isa = PBXFileReference; lastKnownFileType = text.plist.xml; path = Info.plist; sourceTree = "<group>"; };
		465AF0CE252B8D0A00524ED9 /* Color.swift */ = {isa = PBXFileReference; lastKnownFileType = sourcecode.swift; path = Color.swift; sourceTree = "<group>"; };
		465AF0D7252B8E0A00524ED9 /* LogoView.swift */ = {isa = PBXFileReference; lastKnownFileType = sourcecode.swift; path = LogoView.swift; sourceTree = "<group>"; };
		465AF0DF252B8E4D00524ED9 /* RotatingGearView.swift */ = {isa = PBXFileReference; lastKnownFileType = sourcecode.swift; path = RotatingGearView.swift; sourceTree = "<group>"; };
		465AF0E4252B8EE100524ED9 /* RoundedButton1.swift */ = {isa = PBXFileReference; lastKnownFileType = sourcecode.swift; path = RoundedButton1.swift; sourceTree = "<group>"; };
		465AF0ED252B900F00524ED9 /* EnrollView.swift */ = {isa = PBXFileReference; lastKnownFileType = sourcecode.swift; path = EnrollView.swift; sourceTree = "<group>"; };
		465AF0F5252B903800524ED9 /* BackgroundView.swift */ = {isa = PBXFileReference; lastKnownFileType = sourcecode.swift; path = BackgroundView.swift; sourceTree = "<group>"; };
		467FCF92252CBC3100AF4A9B /* HomeView.swift */ = {isa = PBXFileReference; lastKnownFileType = sourcecode.swift; path = HomeView.swift; sourceTree = "<group>"; };
		467FCF9B252CBCD700AF4A9B /* Card1Header.swift */ = {isa = PBXFileReference; lastKnownFileType = sourcecode.swift; path = Card1Header.swift; sourceTree = "<group>"; };
		467FCFA0252CBD0400AF4A9B /* Card1StressFactors.swift */ = {isa = PBXFileReference; lastKnownFileType = sourcecode.swift; path = Card1StressFactors.swift; sourceTree = "<group>"; };
		467FCFA6252CBD8700AF4A9B /* MathGameCardView.swift */ = {isa = PBXFileReference; lastKnownFileType = sourcecode.swift; path = MathGameCardView.swift; sourceTree = "<group>"; };
		467FCFAF252CBEE300AF4A9B /* GameView.swift */ = {isa = PBXFileReference; lastKnownFileType = sourcecode.swift; path = GameView.swift; sourceTree = "<group>"; };
		46988FEC252C6B22006EF37B /* MainView.swift */ = {isa = PBXFileReference; lastKnownFileType = sourcecode.swift; path = MainView.swift; sourceTree = "<group>"; };
		46988FF2252C7559006EF37B /* Category.swift */ = {isa = PBXFileReference; lastKnownFileType = sourcecode.swift; path = Category.swift; sourceTree = "<group>"; };
		46988FFA252C7761006EF37B /* CategoryScroller.swift */ = {isa = PBXFileReference; lastKnownFileType = sourcecode.swift; path = CategoryScroller.swift; sourceTree = "<group>"; };
		46988FFF252C77BF006EF37B /* FilterButton.swift */ = {isa = PBXFileReference; lastKnownFileType = sourcecode.swift; path = FilterButton.swift; sourceTree = "<group>"; };
		46989004252C7D85006EF37B /* UIColor.swift */ = {isa = PBXFileReference; lastKnownFileType = sourcecode.swift; path = UIColor.swift; sourceTree = "<group>"; };
/* End PBXFileReference section */

/* Begin PBXFrameworksBuildPhase section */
		465AF099252B75D300524ED9 /* Frameworks */ = {
			isa = PBXFrameworksBuildPhase;
			buildActionMask = 2147483647;
			files = (
			);
			runOnlyForDeploymentPostprocessing = 0;
		};
		465AF0AA252B75D600524ED9 /* Frameworks */ = {
			isa = PBXFrameworksBuildPhase;
			buildActionMask = 2147483647;
			files = (
			);
			runOnlyForDeploymentPostprocessing = 0;
		};
		465AF0B5252B75D600524ED9 /* Frameworks */ = {
			isa = PBXFrameworksBuildPhase;
			buildActionMask = 2147483647;
			files = (
			);
			runOnlyForDeploymentPostprocessing = 0;
		};
/* End PBXFrameworksBuildPhase section */

/* Begin PBXGroup section */
		460A7F01252C5CFF00BD260F /* Managers */ = {
			isa = PBXGroup;
			children = (
				460A7F02252C5D0C00BD260F /* UserDefaultsManager.swift */,
			);
			path = Managers;
			sourceTree = "<group>";
		};
		460A7F12252C5E8700BD260F /* Core */ = {
			isa = PBXGroup;
			children = (
				46988FF1252C754E006EF37B /* Model */,
				460A7F01252C5CFF00BD260F /* Managers */,
				460A7F13252C5E9200BD260F /* Constants.swift */,
			);
			path = Core;
			sourceTree = "<group>";
		};
		464E25C9252C8D3300BBB877 /* Cards */ = {
			isa = PBXGroup;
			children = (
				467FCFA5252CBD6600AF4A9B /* Games */,
				467FCF9A252CBCAA00AF4A9B /* Card1 */,
			);
			path = Cards;
			sourceTree = "<group>";
		};
		465AF093252B75D300524ED9 = {
			isa = PBXGroup;
			children = (
				465AF09E252B75D300524ED9 /* BrainStress */,
				465AF0B0252B75D600524ED9 /* BrainStressTests */,
				465AF0BB252B75D600524ED9 /* BrainStressUITests */,
				465AF09D252B75D300524ED9 /* Products */,
			);
			sourceTree = "<group>";
		};
		465AF09D252B75D300524ED9 /* Products */ = {
			isa = PBXGroup;
			children = (
				465AF09C252B75D300524ED9 /* BrainStress.app */,
				465AF0AD252B75D600524ED9 /* BrainStressTests.xctest */,
				465AF0B8252B75D600524ED9 /* BrainStressUITests.xctest */,
			);
			name = Products;
			sourceTree = "<group>";
		};
		465AF09E252B75D300524ED9 /* BrainStress */ = {
			isa = PBXGroup;
			children = (
				460A7F12252C5E8700BD260F /* Core */,
				465AF0EC252B8FB400524ED9 /* Screens */,
				465AF0D6252B8DF400524ED9 /* View */,
				465AF0CD252B8D0000524ED9 /* Extensions */,
				465AF09F252B75D300524ED9 /* BrainStressApp.swift */,
				465AF0A3252B75D500524ED9 /* Assets.xcassets */,
				465AF0A8252B75D500524ED9 /* Info.plist */,
				465AF0A5252B75D500524ED9 /* Preview Content */,
				464A4F8D252BB8A600AD35FD /* AdaptsToSoftwareKeyboard.swift */,
			);
			path = BrainStress;
			sourceTree = "<group>";
		};
		465AF0A5252B75D500524ED9 /* Preview Content */ = {
			isa = PBXGroup;
			children = (
				465AF0A6252B75D500524ED9 /* Preview Assets.xcassets */,
			);
			path = "Preview Content";
			sourceTree = "<group>";
		};
		465AF0B0252B75D600524ED9 /* BrainStressTests */ = {
			isa = PBXGroup;
			children = (
				465AF0B1252B75D600524ED9 /* BrainStressTests.swift */,
				465AF0B3252B75D600524ED9 /* Info.plist */,
			);
			path = BrainStressTests;
			sourceTree = "<group>";
		};
		465AF0BB252B75D600524ED9 /* BrainStressUITests */ = {
			isa = PBXGroup;
			children = (
				465AF0BC252B75D600524ED9 /* BrainStressUITests.swift */,
				465AF0BE252B75D600524ED9 /* Info.plist */,
			);
			path = BrainStressUITests;
			sourceTree = "<group>";
		};
		465AF0CD252B8D0000524ED9 /* Extensions */ = {
			isa = PBXGroup;
			children = (
				465AF0CE252B8D0A00524ED9 /* Color.swift */,
				46989004252C7D85006EF37B /* UIColor.swift */,
			);
			path = Extensions;
			sourceTree = "<group>";
		};
		465AF0D6252B8DF400524ED9 /* View */ = {
			isa = PBXGroup;
			children = (
				464E25C9252C8D3300BBB877 /* Cards */,
				465AF0D7252B8E0A00524ED9 /* LogoView.swift */,
				465AF0DF252B8E4D00524ED9 /* RotatingGearView.swift */,
				465AF0E4252B8EE100524ED9 /* RoundedButton1.swift */,
				465AF0F5252B903800524ED9 /* BackgroundView.swift */,
				46988FFA252C7761006EF37B /* CategoryScroller.swift */,
				46988FFF252C77BF006EF37B /* FilterButton.swift */,
			);
			path = View;
			sourceTree = "<group>";
		};
		465AF0EC252B8FB400524ED9 /* Screens */ = {
			isa = PBXGroup;
			children = (
				467FCFAE252CBED200AF4A9B /* Games */,
				465AF0A1252B75D300524ED9 /* ContentView.swift */,
				465AF0ED252B900F00524ED9 /* EnrollView.swift */,
				46988FEC252C6B22006EF37B /* MainView.swift */,
				467FCF92252CBC3100AF4A9B /* HomeView.swift */,
			);
			path = Screens;
			sourceTree = "<group>";
		};
		467FCF9A252CBCAA00AF4A9B /* Card1 */ = {
			isa = PBXGroup;
			children = (
				464E25CA252C8D5300BBB877 /* Card1.swift */,
				467FCF9B252CBCD700AF4A9B /* Card1Header.swift */,
				467FCFA0252CBD0400AF4A9B /* Card1StressFactors.swift */,
			);
			path = Card1;
			sourceTree = "<group>";
		};
		467FCFA5252CBD6600AF4A9B /* Games */ = {
			isa = PBXGroup;
			children = (
				467FCFA6252CBD8700AF4A9B /* MathGameCardView.swift */,
			);
			path = Games;
			sourceTree = "<group>";
		};
		467FCFAE252CBED200AF4A9B /* Games */ = {
			isa = PBXGroup;
			children = (
				467FCFAF252CBEE300AF4A9B /* GameView.swift */,
			);
			path = Games;
			sourceTree = "<group>";
		};
		46988FF1252C754E006EF37B /* Model */ = {
			isa = PBXGroup;
			children = (
				46988FF2252C7559006EF37B /* Category.swift */,
			);
			path = Model;
			sourceTree = "<group>";
		};
/* End PBXGroup section */

/* Begin PBXNativeTarget section */
		465AF09B252B75D300524ED9 /* BrainStress */ = {
			isa = PBXNativeTarget;
			buildConfigurationList = 465AF0C1252B75D600524ED9 /* Build configuration list for PBXNativeTarget "BrainStress" */;
			buildPhases = (
				465AF098252B75D300524ED9 /* Sources */,
				465AF099252B75D300524ED9 /* Frameworks */,
				465AF09A252B75D300524ED9 /* Resources */,
			);
			buildRules = (
			);
			dependencies = (
			);
			name = BrainStress;
			productName = BrainStress;
			productReference = 465AF09C252B75D300524ED9 /* BrainStress.app */;
			productType = "com.apple.product-type.application";
		};
		465AF0AC252B75D600524ED9 /* BrainStressTests */ = {
			isa = PBXNativeTarget;
			buildConfigurationList = 465AF0C4252B75D600524ED9 /* Build configuration list for PBXNativeTarget "BrainStressTests" */;
			buildPhases = (
				465AF0A9252B75D600524ED9 /* Sources */,
				465AF0AA252B75D600524ED9 /* Frameworks */,
				465AF0AB252B75D600524ED9 /* Resources */,
			);
			buildRules = (
			);
			dependencies = (
				465AF0AF252B75D600524ED9 /* PBXTargetDependency */,
			);
			name = BrainStressTests;
			productName = BrainStressTests;
			productReference = 465AF0AD252B75D600524ED9 /* BrainStressTests.xctest */;
			productType = "com.apple.product-type.bundle.unit-test";
		};
		465AF0B7252B75D600524ED9 /* BrainStressUITests */ = {
			isa = PBXNativeTarget;
			buildConfigurationList = 465AF0C7252B75D600524ED9 /* Build configuration list for PBXNativeTarget "BrainStressUITests" */;
			buildPhases = (
				465AF0B4252B75D600524ED9 /* Sources */,
				465AF0B5252B75D600524ED9 /* Frameworks */,
				465AF0B6252B75D600524ED9 /* Resources */,
			);
			buildRules = (
			);
			dependencies = (
				465AF0BA252B75D600524ED9 /* PBXTargetDependency */,
			);
			name = BrainStressUITests;
			productName = BrainStressUITests;
			productReference = 465AF0B8252B75D600524ED9 /* BrainStressUITests.xctest */;
			productType = "com.apple.product-type.bundle.ui-testing";
		};
/* End PBXNativeTarget section */

/* Begin PBXProject section */
		465AF094252B75D300524ED9 /* Project object */ = {
			isa = PBXProject;
			attributes = {
				LastSwiftUpdateCheck = 1200;
				LastUpgradeCheck = 1200;
				TargetAttributes = {
					465AF09B252B75D300524ED9 = {
						CreatedOnToolsVersion = 12.0.1;
					};
					465AF0AC252B75D600524ED9 = {
						CreatedOnToolsVersion = 12.0.1;
						TestTargetID = 465AF09B252B75D300524ED9;
					};
					465AF0B7252B75D600524ED9 = {
						CreatedOnToolsVersion = 12.0.1;
						TestTargetID = 465AF09B252B75D300524ED9;
					};
				};
			};
			buildConfigurationList = 465AF097252B75D300524ED9 /* Build configuration list for PBXProject "BrainStress" */;
			compatibilityVersion = "Xcode 9.3";
			developmentRegion = en;
			hasScannedForEncodings = 0;
			knownRegions = (
				en,
				Base,
			);
			mainGroup = 465AF093252B75D300524ED9;
			productRefGroup = 465AF09D252B75D300524ED9 /* Products */;
			projectDirPath = "";
			projectRoot = "";
			targets = (
				465AF09B252B75D300524ED9 /* BrainStress */,
				465AF0AC252B75D600524ED9 /* BrainStressTests */,
				465AF0B7252B75D600524ED9 /* BrainStressUITests */,
			);
		};
/* End PBXProject section */

/* Begin PBXResourcesBuildPhase section */
		465AF09A252B75D300524ED9 /* Resources */ = {
			isa = PBXResourcesBuildPhase;
			buildActionMask = 2147483647;
			files = (
				465AF0A7252B75D500524ED9 /* Preview Assets.xcassets in Resources */,
				465AF0A4252B75D500524ED9 /* Assets.xcassets in Resources */,
			);
			runOnlyForDeploymentPostprocessing = 0;
		};
		465AF0AB252B75D600524ED9 /* Resources */ = {
			isa = PBXResourcesBuildPhase;
			buildActionMask = 2147483647;
			files = (
			);
			runOnlyForDeploymentPostprocessing = 0;
		};
		465AF0B6252B75D600524ED9 /* Resources */ = {
			isa = PBXResourcesBuildPhase;
			buildActionMask = 2147483647;
			files = (
			);
			runOnlyForDeploymentPostprocessing = 0;
		};
/* End PBXResourcesBuildPhase section */

/* Begin PBXSourcesBuildPhase section */
		465AF098252B75D300524ED9 /* Sources */ = {
			isa = PBXSourcesBuildPhase;
			buildActionMask = 2147483647;
			files = (
				465AF0A2252B75D300524ED9 /* ContentView.swift in Sources */,
				467FCFA7252CBD8700AF4A9B /* MathGameCardView.swift in Sources */,
				460A7F14252C5E9200BD260F /* Constants.swift in Sources */,
				464E25CB252C8D5300BBB877 /* Card1.swift in Sources */,
				467FCFB0252CBEE300AF4A9B /* GameView.swift in Sources */,
				464A4F8E252BB8A600AD35FD /* AdaptsToSoftwareKeyboard.swift in Sources */,
				465AF0D8252B8E0A00524ED9 /* LogoView.swift in Sources */,
				465AF0F6252B903800524ED9 /* BackgroundView.swift in Sources */,
				467FCF9C252CBCD700AF4A9B /* Card1Header.swift in Sources */,
				46989005252C7D85006EF37B /* UIColor.swift in Sources */,
				465AF0EE252B900F00524ED9 /* EnrollView.swift in Sources */,
				465AF0A0252B75D300524ED9 /* BrainStressApp.swift in Sources */,
				467FCF93252CBC3100AF4A9B /* HomeView.swift in Sources */,
				46989000252C77BF006EF37B /* FilterButton.swift in Sources */,
				467FCFA1252CBD0400AF4A9B /* Card1StressFactors.swift in Sources */,
				46988FFB252C7761006EF37B /* CategoryScroller.swift in Sources */,
				460A7F03252C5D0C00BD260F /* UserDefaultsManager.swift in Sources */,
				465AF0E5252B8EE100524ED9 /* RoundedButton1.swift in Sources */,
				46988FF3252C7559006EF37B /* Category.swift in Sources */,
				46988FED252C6B22006EF37B /* MainView.swift in Sources */,
				465AF0CF252B8D0A00524ED9 /* Color.swift in Sources */,
				465AF0E0252B8E4D00524ED9 /* RotatingGearView.swift in Sources */,
			);
			runOnlyForDeploymentPostprocessing = 0;
		};
		465AF0A9252B75D600524ED9 /* Sources */ = {
			isa = PBXSourcesBuildPhase;
			buildActionMask = 2147483647;
			files = (
				465AF0B2252B75D600524ED9 /* BrainStressTests.swift in Sources */,
			);
			runOnlyForDeploymentPostprocessing = 0;
		};
		465AF0B4252B75D600524ED9 /* Sources */ = {
			isa = PBXSourcesBuildPhase;
			buildActionMask = 2147483647;
			files = (
				465AF0BD252B75D600524ED9 /* BrainStressUITests.swift in Sources */,
			);
			runOnlyForDeploymentPostprocessing = 0;
		};
/* End PBXSourcesBuildPhase section */

/* Begin PBXTargetDependency section */
		465AF0AF252B75D600524ED9 /* PBXTargetDependency */ = {
			isa = PBXTargetDependency;
			target = 465AF09B252B75D300524ED9 /* BrainStress */;
			targetProxy = 465AF0AE252B75D600524ED9 /* PBXContainerItemProxy */;
		};
		465AF0BA252B75D600524ED9 /* PBXTargetDependency */ = {
			isa = PBXTargetDependency;
			target = 465AF09B252B75D300524ED9 /* BrainStress */;
			targetProxy = 465AF0B9252B75D600524ED9 /* PBXContainerItemProxy */;
		};
/* End PBXTargetDependency section */

/* Begin XCBuildConfiguration section */
		465AF0BF252B75D600524ED9 /* Debug */ = {
			isa = XCBuildConfiguration;
			buildSettings = {
				ALWAYS_SEARCH_USER_PATHS = NO;
				CLANG_ANALYZER_NONNULL = YES;
				CLANG_ANALYZER_NUMBER_OBJECT_CONVERSION = YES_AGGRESSIVE;
				CLANG_CXX_LANGUAGE_STANDARD = "gnu++14";
				CLANG_CXX_LIBRARY = "libc++";
				CLANG_ENABLE_MODULES = YES;
				CLANG_ENABLE_OBJC_ARC = YES;
				CLANG_ENABLE_OBJC_WEAK = YES;
				CLANG_WARN_BLOCK_CAPTURE_AUTORELEASING = YES;
				CLANG_WARN_BOOL_CONVERSION = YES;
				CLANG_WARN_COMMA = YES;
				CLANG_WARN_CONSTANT_CONVERSION = YES;
				CLANG_WARN_DEPRECATED_OBJC_IMPLEMENTATIONS = YES;
				CLANG_WARN_DIRECT_OBJC_ISA_USAGE = YES_ERROR;
				CLANG_WARN_DOCUMENTATION_COMMENTS = YES;
				CLANG_WARN_EMPTY_BODY = YES;
				CLANG_WARN_ENUM_CONVERSION = YES;
				CLANG_WARN_INFINITE_RECURSION = YES;
				CLANG_WARN_INT_CONVERSION = YES;
				CLANG_WARN_NON_LITERAL_NULL_CONVERSION = YES;
				CLANG_WARN_OBJC_IMPLICIT_RETAIN_SELF = YES;
				CLANG_WARN_OBJC_LITERAL_CONVERSION = YES;
				CLANG_WARN_OBJC_ROOT_CLASS = YES_ERROR;
				CLANG_WARN_QUOTED_INCLUDE_IN_FRAMEWORK_HEADER = YES;
				CLANG_WARN_RANGE_LOOP_ANALYSIS = YES;
				CLANG_WARN_STRICT_PROTOTYPES = YES;
				CLANG_WARN_SUSPICIOUS_MOVE = YES;
				CLANG_WARN_UNGUARDED_AVAILABILITY = YES_AGGRESSIVE;
				CLANG_WARN_UNREACHABLE_CODE = YES;
				CLANG_WARN__DUPLICATE_METHOD_MATCH = YES;
				COPY_PHASE_STRIP = NO;
				DEBUG_INFORMATION_FORMAT = dwarf;
				ENABLE_STRICT_OBJC_MSGSEND = YES;
				ENABLE_TESTABILITY = YES;
				GCC_C_LANGUAGE_STANDARD = gnu11;
				GCC_DYNAMIC_NO_PIC = NO;
				GCC_NO_COMMON_BLOCKS = YES;
				GCC_OPTIMIZATION_LEVEL = 0;
				GCC_PREPROCESSOR_DEFINITIONS = (
					"DEBUG=1",
					"$(inherited)",
				);
				GCC_WARN_64_TO_32_BIT_CONVERSION = YES;
				GCC_WARN_ABOUT_RETURN_TYPE = YES_ERROR;
				GCC_WARN_UNDECLARED_SELECTOR = YES;
				GCC_WARN_UNINITIALIZED_AUTOS = YES_AGGRESSIVE;
				GCC_WARN_UNUSED_FUNCTION = YES;
				GCC_WARN_UNUSED_VARIABLE = YES;
				IPHONEOS_DEPLOYMENT_TARGET = 14.0;
				MTL_ENABLE_DEBUG_INFO = INCLUDE_SOURCE;
				MTL_FAST_MATH = YES;
				ONLY_ACTIVE_ARCH = YES;
				SDKROOT = iphoneos;
				SWIFT_ACTIVE_COMPILATION_CONDITIONS = DEBUG;
				SWIFT_OPTIMIZATION_LEVEL = "-Onone";
			};
			name = Debug;
		};
		465AF0C0252B75D600524ED9 /* Release */ = {
			isa = XCBuildConfiguration;
			buildSettings = {
				ALWAYS_SEARCH_USER_PATHS = NO;
				CLANG_ANALYZER_NONNULL = YES;
				CLANG_ANALYZER_NUMBER_OBJECT_CONVERSION = YES_AGGRESSIVE;
				CLANG_CXX_LANGUAGE_STANDARD = "gnu++14";
				CLANG_CXX_LIBRARY = "libc++";
				CLANG_ENABLE_MODULES = YES;
				CLANG_ENABLE_OBJC_ARC = YES;
				CLANG_ENABLE_OBJC_WEAK = YES;
				CLANG_WARN_BLOCK_CAPTURE_AUTORELEASING = YES;
				CLANG_WARN_BOOL_CONVERSION = YES;
				CLANG_WARN_COMMA = YES;
				CLANG_WARN_CONSTANT_CONVERSION = YES;
				CLANG_WARN_DEPRECATED_OBJC_IMPLEMENTATIONS = YES;
				CLANG_WARN_DIRECT_OBJC_ISA_USAGE = YES_ERROR;
				CLANG_WARN_DOCUMENTATION_COMMENTS = YES;
				CLANG_WARN_EMPTY_BODY = YES;
				CLANG_WARN_ENUM_CONVERSION = YES;
				CLANG_WARN_INFINITE_RECURSION = YES;
				CLANG_WARN_INT_CONVERSION = YES;
				CLANG_WARN_NON_LITERAL_NULL_CONVERSION = YES;
				CLANG_WARN_OBJC_IMPLICIT_RETAIN_SELF = YES;
				CLANG_WARN_OBJC_LITERAL_CONVERSION = YES;
				CLANG_WARN_OBJC_ROOT_CLASS = YES_ERROR;
				CLANG_WARN_QUOTED_INCLUDE_IN_FRAMEWORK_HEADER = YES;
				CLANG_WARN_RANGE_LOOP_ANALYSIS = YES;
				CLANG_WARN_STRICT_PROTOTYPES = YES;
				CLANG_WARN_SUSPICIOUS_MOVE = YES;
				CLANG_WARN_UNGUARDED_AVAILABILITY = YES_AGGRESSIVE;
				CLANG_WARN_UNREACHABLE_CODE = YES;
				CLANG_WARN__DUPLICATE_METHOD_MATCH = YES;
				COPY_PHASE_STRIP = NO;
				DEBUG_INFORMATION_FORMAT = "dwarf-with-dsym";
				ENABLE_NS_ASSERTIONS = NO;
				ENABLE_STRICT_OBJC_MSGSEND = YES;
				GCC_C_LANGUAGE_STANDARD = gnu11;
				GCC_NO_COMMON_BLOCKS = YES;
				GCC_WARN_64_TO_32_BIT_CONVERSION = YES;
				GCC_WARN_ABOUT_RETURN_TYPE = YES_ERROR;
				GCC_WARN_UNDECLARED_SELECTOR = YES;
				GCC_WARN_UNINITIALIZED_AUTOS = YES_AGGRESSIVE;
				GCC_WARN_UNUSED_FUNCTION = YES;
				GCC_WARN_UNUSED_VARIABLE = YES;
				IPHONEOS_DEPLOYMENT_TARGET = 14.0;
				MTL_ENABLE_DEBUG_INFO = NO;
				MTL_FAST_MATH = YES;
				SDKROOT = iphoneos;
				SWIFT_COMPILATION_MODE = wholemodule;
				SWIFT_OPTIMIZATION_LEVEL = "-O";
				VALIDATE_PRODUCT = YES;
			};
			name = Release;
		};
		465AF0C2252B75D600524ED9 /* Debug */ = {
			isa = XCBuildConfiguration;
			buildSettings = {
				ASSETCATALOG_COMPILER_APPICON_NAME = AppIcon;
				ASSETCATALOG_COMPILER_GLOBAL_ACCENT_COLOR_NAME = AccentColor;
				CODE_SIGN_STYLE = Automatic;
				DEVELOPMENT_ASSET_PATHS = "\"BrainStress/Preview Content\"";
				DEVELOPMENT_TEAM = FZSAPS42SZ;
				ENABLE_PREVIEWS = YES;
				INFOPLIST_FILE = BrainStress/Info.plist;
				IPHONEOS_DEPLOYMENT_TARGET = 14.0;
				LD_RUNPATH_SEARCH_PATHS = (
					"$(inherited)",
					"@executable_path/Frameworks",
				);
				PRODUCT_BUNDLE_IDENTIFIER = com.lorerobi.BrainStress;
				PRODUCT_NAME = "$(TARGET_NAME)";
				SWIFT_VERSION = 5.0;
				TARGETED_DEVICE_FAMILY = "1,2";
			};
			name = Debug;
		};
		465AF0C3252B75D600524ED9 /* Release */ = {
			isa = XCBuildConfiguration;
			buildSettings = {
				ASSETCATALOG_COMPILER_APPICON_NAME = AppIcon;
				ASSETCATALOG_COMPILER_GLOBAL_ACCENT_COLOR_NAME = AccentColor;
				CODE_SIGN_STYLE = Automatic;
				DEVELOPMENT_ASSET_PATHS = "\"BrainStress/Preview Content\"";
				DEVELOPMENT_TEAM = FZSAPS42SZ;
				ENABLE_PREVIEWS = YES;
				INFOPLIST_FILE = BrainStress/Info.plist;
				IPHONEOS_DEPLOYMENT_TARGET = 14.0;
				LD_RUNPATH_SEARCH_PATHS = (
					"$(inherited)",
					"@executable_path/Frameworks",
				);
				PRODUCT_BUNDLE_IDENTIFIER = com.lorerobi.BrainStress;
				PRODUCT_NAME = "$(TARGET_NAME)";
				SWIFT_VERSION = 5.0;
				TARGETED_DEVICE_FAMILY = "1,2";
			};
			name = Release;
		};
		465AF0C5252B75D600524ED9 /* Debug */ = {
			isa = XCBuildConfiguration;
			buildSettings = {
				ALWAYS_EMBED_SWIFT_STANDARD_LIBRARIES = YES;
				BUNDLE_LOADER = "$(TEST_HOST)";
				CODE_SIGN_STYLE = Automatic;
				DEVELOPMENT_TEAM = FZSAPS42SZ;
				INFOPLIST_FILE = BrainStressTests/Info.plist;
				IPHONEOS_DEPLOYMENT_TARGET = 14.0;
				LD_RUNPATH_SEARCH_PATHS = (
					"$(inherited)",
					"@executable_path/Frameworks",
					"@loader_path/Frameworks",
				);
				PRODUCT_BUNDLE_IDENTIFIER = com.lorerobi.BrainStressTests;
				PRODUCT_NAME = "$(TARGET_NAME)";
				SWIFT_VERSION = 5.0;
				TARGETED_DEVICE_FAMILY = "1,2";
				TEST_HOST = "$(BUILT_PRODUCTS_DIR)/BrainStress.app/BrainStress";
			};
			name = Debug;
		};
		465AF0C6252B75D600524ED9 /* Release */ = {
			isa = XCBuildConfiguration;
			buildSettings = {
				ALWAYS_EMBED_SWIFT_STANDARD_LIBRARIES = YES;
				BUNDLE_LOADER = "$(TEST_HOST)";
				CODE_SIGN_STYLE = Automatic;
				DEVELOPMENT_TEAM = FZSAPS42SZ;
				INFOPLIST_FILE = BrainStressTests/Info.plist;
				IPHONEOS_DEPLOYMENT_TARGET = 14.0;
				LD_RUNPATH_SEARCH_PATHS = (
					"$(inherited)",
					"@executable_path/Frameworks",
					"@loader_path/Frameworks",
				);
				PRODUCT_BUNDLE_IDENTIFIER = com.lorerobi.BrainStressTests;
				PRODUCT_NAME = "$(TARGET_NAME)";
				SWIFT_VERSION = 5.0;
				TARGETED_DEVICE_FAMILY = "1,2";
				TEST_HOST = "$(BUILT_PRODUCTS_DIR)/BrainStress.app/BrainStress";
			};
			name = Release;
		};
		465AF0C8252B75D600524ED9 /* Debug */ = {
			isa = XCBuildConfiguration;
			buildSettings = {
				ALWAYS_EMBED_SWIFT_STANDARD_LIBRARIES = YES;
				CODE_SIGN_STYLE = Automatic;
				DEVELOPMENT_TEAM = FZSAPS42SZ;
				INFOPLIST_FILE = BrainStressUITests/Info.plist;
				LD_RUNPATH_SEARCH_PATHS = (
					"$(inherited)",
					"@executable_path/Frameworks",
					"@loader_path/Frameworks",
				);
				PRODUCT_BUNDLE_IDENTIFIER = com.lorerobi.BrainStressUITests;
				PRODUCT_NAME = "$(TARGET_NAME)";
				SWIFT_VERSION = 5.0;
				TARGETED_DEVICE_FAMILY = "1,2";
				TEST_TARGET_NAME = BrainStress;
			};
			name = Debug;
		};
		465AF0C9252B75D600524ED9 /* Release */ = {
			isa = XCBuildConfiguration;
			buildSettings = {
				ALWAYS_EMBED_SWIFT_STANDARD_LIBRARIES = YES;
				CODE_SIGN_STYLE = Automatic;
				DEVELOPMENT_TEAM = FZSAPS42SZ;
				INFOPLIST_FILE = BrainStressUITests/Info.plist;
				LD_RUNPATH_SEARCH_PATHS = (
					"$(inherited)",
					"@executable_path/Frameworks",
					"@loader_path/Frameworks",
				);
				PRODUCT_BUNDLE_IDENTIFIER = com.lorerobi.BrainStressUITests;
				PRODUCT_NAME = "$(TARGET_NAME)";
				SWIFT_VERSION = 5.0;
				TARGETED_DEVICE_FAMILY = "1,2";
				TEST_TARGET_NAME = BrainStress;
			};
			name = Release;
		};
/* End XCBuildConfiguration section */

/* Begin XCConfigurationList section */
		465AF097252B75D300524ED9 /* Build configuration list for PBXProject "BrainStress" */ = {
			isa = XCConfigurationList;
			buildConfigurations = (
				465AF0BF252B75D600524ED9 /* Debug */,
				465AF0C0252B75D600524ED9 /* Release */,
			);
			defaultConfigurationIsVisible = 0;
			defaultConfigurationName = Release;
		};
		465AF0C1252B75D600524ED9 /* Build configuration list for PBXNativeTarget "BrainStress" */ = {
			isa = XCConfigurationList;
			buildConfigurations = (
				465AF0C2252B75D600524ED9 /* Debug */,
				465AF0C3252B75D600524ED9 /* Release */,
			);
			defaultConfigurationIsVisible = 0;
			defaultConfigurationName = Release;
		};
		465AF0C4252B75D600524ED9 /* Build configuration list for PBXNativeTarget "BrainStressTests" */ = {
			isa = XCConfigurationList;
			buildConfigurations = (
				465AF0C5252B75D600524ED9 /* Debug */,
				465AF0C6252B75D600524ED9 /* Release */,
			);
			defaultConfigurationIsVisible = 0;
			defaultConfigurationName = Release;
		};
		465AF0C7252B75D600524ED9 /* Build configuration list for PBXNativeTarget "BrainStressUITests" */ = {
			isa = XCConfigurationList;
			buildConfigurations = (
				465AF0C8252B75D600524ED9 /* Debug */,
				465AF0C9252B75D600524ED9 /* Release */,
			);
			defaultConfigurationIsVisible = 0;
			defaultConfigurationName = Release;
		};
/* End XCConfigurationList section */
	};
	rootObject = 465AF094252B75D300524ED9 /* Project object */;
}
